// !$*UTF8*$!
{
	archiveVersion = 1;
	classes = {
	};
	objectVersion = 55;
	objects = {

/* Begin PBXBuildFile section */
		5F0B7316289D96160034CB48 /* MapMode.swift in Sources */ = {isa = PBXBuildFile; fileRef = 5F0B7315289D96160034CB48 /* MapMode.swift */; };
		5F1212AB2942968E005427AD /* LevelProfile.storyboard in Resources */ = {isa = PBXBuildFile; fileRef = 5F1212AA2942968E005427AD /* LevelProfile.storyboard */; };
		5F1212AD2942994C005427AD /* LevelProfileViewController.swift in Sources */ = {isa = PBXBuildFile; fileRef = 5F1212AC2942994C005427AD /* LevelProfileViewController.swift */; };
		5F1212AF2943BEB8005427AD /* CalculationsPoints.swift in Sources */ = {isa = PBXBuildFile; fileRef = 5F1212AE2943BEB8005427AD /* CalculationsPoints.swift */; };
		5F14AD1F2878284C0039002A /* UserDefaultKeys.swift in Sources */ = {isa = PBXBuildFile; fileRef = 5F14AD1E2878284C0039002A /* UserDefaultKeys.swift */; };
		5F14AD21287829470039002A /* MainData.swift in Sources */ = {isa = PBXBuildFile; fileRef = 5F14AD20287829470039002A /* MainData.swift */; };
		5F1CF301286B1F2900A0429D /* AppDelegate.swift in Sources */ = {isa = PBXBuildFile; fileRef = 5F1CF300286B1F2900A0429D /* AppDelegate.swift */; };
		5F1CF303286B1F2900A0429D /* SceneDelegate.swift in Sources */ = {isa = PBXBuildFile; fileRef = 5F1CF302286B1F2900A0429D /* SceneDelegate.swift */; };
		5F1CF308286B1F2900A0429D /* Login.storyboard in Resources */ = {isa = PBXBuildFile; fileRef = 5F1CF306286B1F2900A0429D /* Login.storyboard */; };
		5F1CF30A286B1F2B00A0429D /* Assets.xcassets in Resources */ = {isa = PBXBuildFile; fileRef = 5F1CF309286B1F2B00A0429D /* Assets.xcassets */; };
		5F1CF331286B1FB500A0429D /* GoogleService-Info.plist in Resources */ = {isa = PBXBuildFile; fileRef = 5F1CF330286B1FB500A0429D /* GoogleService-Info.plist */; };
		5F1CF332286B1FB500A0429D /* GoogleService-Info.plist in Resources */ = {isa = PBXBuildFile; fileRef = 5F1CF330286B1FB500A0429D /* GoogleService-Info.plist */; };
		5F24E60428F6031E002DBF6F /* CarouselViewController.swift in Sources */ = {isa = PBXBuildFile; fileRef = 5F24E60328F6031E002DBF6F /* CarouselViewController.swift */; };
		5F46BEF5289E9E2400D1E020 /* AnnotationPerson.swift in Sources */ = {isa = PBXBuildFile; fileRef = 5F46BEF4289E9E2400D1E020 /* AnnotationPerson.swift */; };
		5F46BEF7289E9EEA00D1E020 /* CustomAnnotationView.swift in Sources */ = {isa = PBXBuildFile; fileRef = 5F46BEF6289E9EEA00D1E020 /* CustomAnnotationView.swift */; };
		5F46BEF9289EF23A00D1E020 /* DateExtension.swift in Sources */ = {isa = PBXBuildFile; fileRef = 5F46BEF8289EF23A00D1E020 /* DateExtension.swift */; };
		5F576C80290089A1004B4A91 /* RanckingServices.swift in Sources */ = {isa = PBXBuildFile; fileRef = 5F576C7F290089A1004B4A91 /* RanckingServices.swift */; };
		5F576C82290091E3004B4A91 /* RankingViewController.swift in Sources */ = {isa = PBXBuildFile; fileRef = 5F576C81290091E3004B4A91 /* RankingViewController.swift */; };
		5F62872A28A522B600AD51E2 /* LocalNotification.swift in Sources */ = {isa = PBXBuildFile; fileRef = 5F62872928A522B600AD51E2 /* LocalNotification.swift */; };
		5F62872E28A5230F00AD51E2 /* Orchestral-emergency.caf in Resources */ = {isa = PBXBuildFile; fileRef = 5F62872C28A5230E00AD51E2 /* Orchestral-emergency.caf */; };
		5F6483222907AF8700C27FEA /* PersonMode.swift in Sources */ = {isa = PBXBuildFile; fileRef = 5F6483212907AF8700C27FEA /* PersonMode.swift */; };
		5F64832629085DD400C27FEA /* PersonModeViewController.swift in Sources */ = {isa = PBXBuildFile; fileRef = 5F64832529085DD400C27FEA /* PersonModeViewController.swift */; };
		5F7624D428C2159800D6FA65 /* Settings.storyboard in Resources */ = {isa = PBXBuildFile; fileRef = 5F7624D228C2159800D6FA65 /* Settings.storyboard */; };
		5F7624D828C216AC00D6FA65 /* AccountSettingsViewController.swift in Sources */ = {isa = PBXBuildFile; fileRef = 5F7624D728C216AC00D6FA65 /* AccountSettingsViewController.swift */; };
		5F7624E128C224CE00D6FA65 /* ProfileViewController.swift in Sources */ = {isa = PBXBuildFile; fileRef = 5F7624E028C224CD00D6FA65 /* ProfileViewController.swift */; };
		5F78B6BF2876D306003C58B5 /* SplashScreenViewController.swift in Sources */ = {isa = PBXBuildFile; fileRef = 5F78B6BE2876D306003C58B5 /* SplashScreenViewController.swift */; };
		5F78B6C12876D47A003C58B5 /* MainStarterViewController.swift in Sources */ = {isa = PBXBuildFile; fileRef = 5F78B6C02876D47A003C58B5 /* MainStarterViewController.swift */; };
		5F78B6C72876F13F003C58B5 /* SettingsViewController.swift in Sources */ = {isa = PBXBuildFile; fileRef = 5F78B6C62876F13F003C58B5 /* SettingsViewController.swift */; };
		5F79FCE5289BB959009F6AE9 /* Polygon.swift in Sources */ = {isa = PBXBuildFile; fileRef = 5F79FCE4289BB959009F6AE9 /* Polygon.swift */; };
		5F79FCE7289BE389009F6AE9 /* Monitoring.swift in Sources */ = {isa = PBXBuildFile; fileRef = 5F79FCE6289BE389009F6AE9 /* Monitoring.swift */; };
		5F79FCE9289BF911009F6AE9 /* Person.swift in Sources */ = {isa = PBXBuildFile; fileRef = 5F79FCE8289BF911009F6AE9 /* Person.swift */; };
		5F7E5F7228E6E92F0035A38C /* SafelyHuntUITests.swift in Sources */ = {isa = PBXBuildFile; fileRef = 5F7E5F7128E6E92F0035A38C /* SafelyHuntUITests.swift */; };
		5F7F698128932C1000562FDA /* AreaCellTableViewCell.swift in Sources */ = {isa = PBXBuildFile; fileRef = 5F7F698028932C1000562FDA /* AreaCellTableViewCell.swift */; };
		5F9390D728F15D8600768C15 /* UIViewExtension.swift in Sources */ = {isa = PBXBuildFile; fileRef = 5F9390D628F15D8600768C15 /* UIViewExtension.swift */; };
		5F98BFB02902AB510063CCA9 /* Main.storyboard in Resources */ = {isa = PBXBuildFile; fileRef = 5F98BFB22902AB510063CCA9 /* Main.storyboard */; };
		5F98BFB32902AB580063CCA9 /* TabbarMain.storyboard in Resources */ = {isa = PBXBuildFile; fileRef = 5F98BFB52902AB580063CCA9 /* TabbarMain.storyboard */; };
		5F98BFB62902AB5E0063CCA9 /* MainStarter.storyboard in Resources */ = {isa = PBXBuildFile; fileRef = 5F98BFB82902AB5E0063CCA9 /* MainStarter.storyboard */; };
		5F98BFB92902AB630063CCA9 /* AreasList.storyboard in Resources */ = {isa = PBXBuildFile; fileRef = 5F98BFBB2902AB630063CCA9 /* AreasList.storyboard */; };
		5F98BFBC2902AB6B0063CCA9 /* Maps.storyboard in Resources */ = {isa = PBXBuildFile; fileRef = 5F98BFBE2902AB6B0063CCA9 /* Maps.storyboard */; };
		5F98BFBF2902AB730063CCA9 /* AccountSettings.storyboard in Resources */ = {isa = PBXBuildFile; fileRef = 5F98BFC12902AB730063CCA9 /* AccountSettings.storyboard */; };
		5F98BFC22902AB770063CCA9 /* Profile.storyboard in Resources */ = {isa = PBXBuildFile; fileRef = 5F98BFC42902AB770063CCA9 /* Profile.storyboard */; };
		5F98BFC52902AB7C0063CCA9 /* Ranking.storyboard in Resources */ = {isa = PBXBuildFile; fileRef = 5F98BFC72902AB7C0063CCA9 /* Ranking.storyboard */; };
		5F98BFD42902AE450063CCA9 /* Carousel.storyboard in Resources */ = {isa = PBXBuildFile; fileRef = 5F98BFD62902AE450063CCA9 /* Carousel.storyboard */; };
		5F98BFDA2902AFFB0063CCA9 /* StringExtension.swift in Sources */ = {isa = PBXBuildFile; fileRef = 5F98BFD92902AFFB0063CCA9 /* StringExtension.swift */; };
		5F98BFDD2902BCBF0063CCA9 /* LocalizableLoginController.strings in Resources */ = {isa = PBXBuildFile; fileRef = 5F98BFDF2902BCBF0063CCA9 /* LocalizableLoginController.strings */; };
		5F98BFE52902C7A20063CCA9 /* LocalizableCarousel.strings in Resources */ = {isa = PBXBuildFile; fileRef = 5F98BFE72902C7A20063CCA9 /* LocalizableCarousel.strings */; };
		5F98BFEF290322570063CCA9 /* LocalizableLocalNotification.strings in Resources */ = {isa = PBXBuildFile; fileRef = 5F98BFF1290322570063CCA9 /* LocalizableLocalNotification.strings */; };
		5F98BFF2290322660063CCA9 /* LocalizableRegisterViewController.strings in Resources */ = {isa = PBXBuildFile; fileRef = 5F98BFF4290322660063CCA9 /* LocalizableRegisterViewController.strings */; };
		5F98BFF82903258B0063CCA9 /* LocalizableMainStarter.strings in Resources */ = {isa = PBXBuildFile; fileRef = 5F98BFFA2903258B0063CCA9 /* LocalizableMainStarter.strings */; };
		5F98BFFD290328410063CCA9 /* LocalizableAreaListViewController.strings in Resources */ = {isa = PBXBuildFile; fileRef = 5F98BFFF290328410063CCA9 /* LocalizableAreaListViewController.strings */; };
		5F98C002290329E70063CCA9 /* Localizable.strings in Resources */ = {isa = PBXBuildFile; fileRef = 5F98C004290329E70063CCA9 /* Localizable.strings */; };
		5F98C00729032BCE0063CCA9 /* LocalizableMapView.strings in Resources */ = {isa = PBXBuildFile; fileRef = 5F98C00929032BCE0063CCA9 /* LocalizableMapView.strings */; };
		5F98C00C290332FB0063CCA9 /* LocalizableAccountSetting.strings in Resources */ = {isa = PBXBuildFile; fileRef = 5F98C00E290332FB0063CCA9 /* LocalizableAccountSetting.strings */; };
		5F98C010290334B00063CCA9 /* LocalizableServicesError.strings in Resources */ = {isa = PBXBuildFile; fileRef = 5F98C00F290334B00063CCA9 /* LocalizableServicesError.strings */; };
		5F98C0112903413B0063CCA9 /* LocalizableMainData.strings in Resources */ = {isa = PBXBuildFile; fileRef = 5F98C0132903413B0063CCA9 /* LocalizableMainData.strings */; };
		5F98C01929048ABD0063CCA9 /* ListSoundNotificationViewController.swift in Sources */ = {isa = PBXBuildFile; fileRef = 5F98C01829048ABD0063CCA9 /* ListSoundNotificationViewController.swift */; };
		5FA61BB129067DEF00FD3B88 /* SoundNotification.storyboard in Resources */ = {isa = PBXBuildFile; fileRef = 5FA61BB029067DEF00FD3B88 /* SoundNotification.storyboard */; };
		5FA61BB329069BF600FD3B88 /* Scanning-alarm.caf in Resources */ = {isa = PBXBuildFile; fileRef = 5FA61BB229069BF600FD3B88 /* Scanning-alarm.caf */; };
		5FB1A9D8290F05AE001B3093 /* PersonMode.storyboard in Resources */ = {isa = PBXBuildFile; fileRef = 5FB1A9DA290F05AE001B3093 /* PersonMode.storyboard */; };
		5FB4BCCB28C681F500C69E8F /* UserServices.swift in Sources */ = {isa = PBXBuildFile; fileRef = 5FB4BCCA28C681F500C69E8F /* UserServices.swift */; };
		5FB4BCCD28C6821000C69E8F /* MonitoringServices.swift in Sources */ = {isa = PBXBuildFile; fileRef = 5FB4BCCC28C6821000C69E8F /* MonitoringServices.swift */; };
		5FBEF946287306C80023E5A5 /* LoginViewController.swift in Sources */ = {isa = PBXBuildFile; fileRef = 5FBEF945287306C80023E5A5 /* LoginViewController.swift */; };
		5FBEF948287306DD0023E5A5 /* RegisterViewController.swift in Sources */ = {isa = PBXBuildFile; fileRef = 5FBEF947287306DD0023E5A5 /* RegisterViewController.swift */; };
		5FBEF94B2873073A0023E5A5 /* Register.storyboard in Resources */ = {isa = PBXBuildFile; fileRef = 5FBEF9492873073A0023E5A5 /* Register.storyboard */; };
		5FBEF94D2873706D0023E5A5 /* AreaServices.swift in Sources */ = {isa = PBXBuildFile; fileRef = 5FBEF94C2873706D0023E5A5 /* AreaServices.swift */; };
		5FBEF94F287375050023E5A5 /* ServicesError.swift in Sources */ = {isa = PBXBuildFile; fileRef = 5FBEF94E287375050023E5A5 /* ServicesError.swift */; };
		5FBEF952287380050023E5A5 /* UIViewController_Alert.swift in Sources */ = {isa = PBXBuildFile; fileRef = 5FBEF951287380050023E5A5 /* UIViewController_Alert.swift */; };
		5FC1A7CA28F0D906000C03BD /* FirebaseAnalytics in Frameworks */ = {isa = PBXBuildFile; productRef = 5FC1A7C928F0D906000C03BD /* FirebaseAnalytics */; };
		5FC1A7CC28F0D906000C03BD /* FirebaseAnalyticsSwift in Frameworks */ = {isa = PBXBuildFile; productRef = 5FC1A7CB28F0D906000C03BD /* FirebaseAnalyticsSwift */; };
		5FC1A7CE28F0D906000C03BD /* FirebaseAppCheck in Frameworks */ = {isa = PBXBuildFile; productRef = 5FC1A7CD28F0D906000C03BD /* FirebaseAppCheck */; };
		5FC1A7D028F0D906000C03BD /* FirebaseAuth in Frameworks */ = {isa = PBXBuildFile; productRef = 5FC1A7CF28F0D906000C03BD /* FirebaseAuth */; };
		5FC1A7D228F0D906000C03BD /* FirebaseCrashlytics in Frameworks */ = {isa = PBXBuildFile; productRef = 5FC1A7D128F0D906000C03BD /* FirebaseCrashlytics */; };
		5FC1A7D428F0D906000C03BD /* FirebaseDatabase in Frameworks */ = {isa = PBXBuildFile; productRef = 5FC1A7D328F0D906000C03BD /* FirebaseDatabase */; };
		5FC1A7D628F0D906000C03BD /* FirebaseDatabaseSwift in Frameworks */ = {isa = PBXBuildFile; productRef = 5FC1A7D528F0D906000C03BD /* FirebaseDatabaseSwift */; };
		5FC1A7D828F0D906000C03BD /* FirebaseFirestore in Frameworks */ = {isa = PBXBuildFile; productRef = 5FC1A7D728F0D906000C03BD /* FirebaseFirestore */; };
		5FC1A7DA28F0D906000C03BD /* FirebaseFunctions in Frameworks */ = {isa = PBXBuildFile; productRef = 5FC1A7D928F0D906000C03BD /* FirebaseFunctions */; };
		5FC75390289408E600BC3DB7 /* MapViewController.swift in Sources */ = {isa = PBXBuildFile; fileRef = 5FC7538F289408E600BC3DB7 /* MapViewController.swift */; };
		5FC753922894892B00BC3DB7 /* Area.swift in Sources */ = {isa = PBXBuildFile; fileRef = 5FC753912894892B00BC3DB7 /* Area.swift */; };
		5FCE8FD82913ED730037BBCC /* musical-alert-notification.caf in Resources */ = {isa = PBXBuildFile; fileRef = 5FCE8FCE2913ED700037BBCC /* musical-alert-notification.caf */; };
		5FCE8FD92913ED730037BBCC /* security-facility-breach-alarm.caf in Resources */ = {isa = PBXBuildFile; fileRef = 5FCE8FCF2913ED700037BBCC /* security-facility-breach-alarm.caf */; };
		5FCE8FDA2913ED730037BBCC /* morning-clock-alarm.caf in Resources */ = {isa = PBXBuildFile; fileRef = 5FCE8FD02913ED710037BBCC /* morning-clock-alarm.caf */; };
		5FCE8FDB2913ED730037BBCC /* melodical-flute-music-notification.caf in Resources */ = {isa = PBXBuildFile; fileRef = 5FCE8FD12913ED710037BBCC /* melodical-flute-music-notification.caf */; };
		5FCE8FDC2913ED730037BBCC /* space-shooter-alarm.caf in Resources */ = {isa = PBXBuildFile; fileRef = 5FCE8FD22913ED710037BBCC /* space-shooter-alarm.caf */; };
		5FCE8FDD2913ED730037BBCC /* street-public-alarm.caf in Resources */ = {isa = PBXBuildFile; fileRef = 5FCE8FD32913ED710037BBCC /* street-public-alarm.caf */; };
		5FCE8FDE2913ED730037BBCC /* spaceship-alarm.caf in Resources */ = {isa = PBXBuildFile; fileRef = 5FCE8FD42913ED720037BBCC /* spaceship-alarm.caf */; };
		5FCE8FDF2913ED730037BBCC /* uplifting-flute-notification.caf in Resources */ = {isa = PBXBuildFile; fileRef = 5FCE8FD52913ED720037BBCC /* uplifting-flute-notification.caf */; };
		5FCE8FE02913ED730037BBCC /* warning-alarm-buzzer.caf in Resources */ = {isa = PBXBuildFile; fileRef = 5FCE8FD62913ED720037BBCC /* warning-alarm-buzzer.caf */; };
		5FCE8FE12913ED730037BBCC /* retro-game-emergency-alarm.caf in Resources */ = {isa = PBXBuildFile; fileRef = 5FCE8FD72913ED730037BBCC /* retro-game-emergency-alarm.caf */; };
		5FD577B728D2529F00F464F6 /* NotificationBannerSwift in Frameworks */ = {isa = PBXBuildFile; productRef = 5FD577B628D2529F00F464F6 /* NotificationBannerSwift */; };
		5FD577BA28D252F100F464F6 /* SPAlert in Frameworks */ = {isa = PBXBuildFile; productRef = 5FD577B928D252F100F464F6 /* SPAlert */; };
		5FED75EF28E5EDD2009A68E9 /* TestDateExtension.swift in Sources */ = {isa = PBXBuildFile; fileRef = 5FED75EB28E5EDD1009A68E9 /* TestDateExtension.swift */; };
		5FED75F028E5EDD2009A68E9 /* TestMonitoring.swift in Sources */ = {isa = PBXBuildFile; fileRef = 5FED75EC28E5EDD2009A68E9 /* TestMonitoring.swift */; };
		5FED75F128E5EDD2009A68E9 /* TestMonitoringServices.swift in Sources */ = {isa = PBXBuildFile; fileRef = 5FED75ED28E5EDD2009A68E9 /* TestMonitoringServices.swift */; };
		5FFBFF9028E384F700214FEB /* .swiftlint.yml in Resources */ = {isa = PBXBuildFile; fileRef = 5FFBFF8F28E384F700214FEB /* .swiftlint.yml */; };
		5FFCF681288EB481009D9AE8 /* Launch Screen.storyboard in Resources */ = {isa = PBXBuildFile; fileRef = 5FFCF67F288EB481009D9AE8 /* Launch Screen.storyboard */; };
		5FFCF683288EB7CF009D9AE8 /* AreaListViewController.swift in Sources */ = {isa = PBXBuildFile; fileRef = 5FFCF682288EB7CF009D9AE8 /* AreaListViewController.swift */; };
/* End PBXBuildFile section */

/* Begin PBXContainerItemProxy section */
		5F1CF314286B1F2C00A0429D /* PBXContainerItemProxy */ = {
			isa = PBXContainerItemProxy;
			containerPortal = 5F1CF2F5286B1F2900A0429D /* Project object */;
			proxyType = 1;
			remoteGlobalIDString = 5F1CF2FC286B1F2900A0429D;
			remoteInfo = SafelyHunt;
		};
		5F7E5F7528E6E92F0035A38C /* PBXContainerItemProxy */ = {
			isa = PBXContainerItemProxy;
			containerPortal = 5F1CF2F5286B1F2900A0429D /* Project object */;
			proxyType = 1;
			remoteGlobalIDString = 5F1CF2FC286B1F2900A0429D;
			remoteInfo = SafelyHunt;
		};
/* End PBXContainerItemProxy section */

/* Begin PBXFileReference section */
		5F0B7315289D96160034CB48 /* MapMode.swift */ = {isa = PBXFileReference; lastKnownFileType = sourcecode.swift; path = MapMode.swift; sourceTree = "<group>"; };
		5F1212AA2942968E005427AD /* LevelProfile.storyboard */ = {isa = PBXFileReference; lastKnownFileType = file.storyboard; path = LevelProfile.storyboard; sourceTree = "<group>"; };
		5F1212AC2942994C005427AD /* LevelProfileViewController.swift */ = {isa = PBXFileReference; lastKnownFileType = sourcecode.swift; path = LevelProfileViewController.swift; sourceTree = "<group>"; };
		5F1212AE2943BEB8005427AD /* CalculationsPoints.swift */ = {isa = PBXFileReference; lastKnownFileType = sourcecode.swift; path = CalculationsPoints.swift; sourceTree = "<group>"; };
		5F14AD1E2878284C0039002A /* UserDefaultKeys.swift */ = {isa = PBXFileReference; lastKnownFileType = sourcecode.swift; path = UserDefaultKeys.swift; sourceTree = "<group>"; };
		5F14AD20287829470039002A /* MainData.swift */ = {isa = PBXFileReference; lastKnownFileType = sourcecode.swift; path = MainData.swift; sourceTree = "<group>"; };
		5F1CF2FD286B1F2900A0429D /* SafelyHunt.app */ = {isa = PBXFileReference; explicitFileType = wrapper.application; includeInIndex = 0; path = SafelyHunt.app; sourceTree = BUILT_PRODUCTS_DIR; };
		5F1CF300286B1F2900A0429D /* AppDelegate.swift */ = {isa = PBXFileReference; lastKnownFileType = sourcecode.swift; path = AppDelegate.swift; sourceTree = "<group>"; };
		5F1CF302286B1F2900A0429D /* SceneDelegate.swift */ = {isa = PBXFileReference; lastKnownFileType = sourcecode.swift; path = SceneDelegate.swift; sourceTree = "<group>"; };
		5F1CF307286B1F2900A0429D /* Base */ = {isa = PBXFileReference; lastKnownFileType = file.storyboard; name = Base; path = Base.lproj/Login.storyboard; sourceTree = "<group>"; };
		5F1CF309286B1F2B00A0429D /* Assets.xcassets */ = {isa = PBXFileReference; lastKnownFileType = folder.assetcatalog; path = Assets.xcassets; sourceTree = "<group>"; };
		5F1CF30E286B1F2C00A0429D /* Info.plist */ = {isa = PBXFileReference; lastKnownFileType = text.plist.xml; path = Info.plist; sourceTree = "<group>"; };
		5F1CF313286B1F2C00A0429D /* SafelyHuntTests.xctest */ = {isa = PBXFileReference; explicitFileType = wrapper.cfbundle; includeInIndex = 0; path = SafelyHuntTests.xctest; sourceTree = BUILT_PRODUCTS_DIR; };
		5F1CF330286B1FB500A0429D /* GoogleService-Info.plist */ = {isa = PBXFileReference; fileEncoding = 4; lastKnownFileType = text.plist.xml; path = "GoogleService-Info.plist"; sourceTree = "<group>"; };
		5F24E60328F6031E002DBF6F /* CarouselViewController.swift */ = {isa = PBXFileReference; lastKnownFileType = sourcecode.swift; path = CarouselViewController.swift; sourceTree = "<group>"; };
		5F46BEF4289E9E2400D1E020 /* AnnotationPerson.swift */ = {isa = PBXFileReference; lastKnownFileType = sourcecode.swift; path = AnnotationPerson.swift; sourceTree = "<group>"; };
		5F46BEF6289E9EEA00D1E020 /* CustomAnnotationView.swift */ = {isa = PBXFileReference; lastKnownFileType = sourcecode.swift; path = CustomAnnotationView.swift; sourceTree = "<group>"; };
		5F46BEF8289EF23A00D1E020 /* DateExtension.swift */ = {isa = PBXFileReference; lastKnownFileType = sourcecode.swift; path = DateExtension.swift; sourceTree = "<group>"; };
		5F576C7F290089A1004B4A91 /* RanckingServices.swift */ = {isa = PBXFileReference; lastKnownFileType = sourcecode.swift; path = RanckingServices.swift; sourceTree = "<group>"; };
		5F576C81290091E3004B4A91 /* RankingViewController.swift */ = {isa = PBXFileReference; lastKnownFileType = sourcecode.swift; path = RankingViewController.swift; sourceTree = "<group>"; };
		5F62872928A522B600AD51E2 /* LocalNotification.swift */ = {isa = PBXFileReference; lastKnownFileType = sourcecode.swift; path = LocalNotification.swift; sourceTree = "<group>"; };
		5F62872C28A5230E00AD51E2 /* Orchestral-emergency.caf */ = {isa = PBXFileReference; lastKnownFileType = file; path = "Orchestral-emergency.caf"; sourceTree = "<group>"; };
		5F6483212907AF8700C27FEA /* PersonMode.swift */ = {isa = PBXFileReference; lastKnownFileType = sourcecode.swift; path = PersonMode.swift; sourceTree = "<group>"; };
		5F64832529085DD400C27FEA /* PersonModeViewController.swift */ = {isa = PBXFileReference; lastKnownFileType = sourcecode.swift; path = PersonModeViewController.swift; sourceTree = "<group>"; };
		5F7624D328C2159800D6FA65 /* Base */ = {isa = PBXFileReference; lastKnownFileType = file.storyboard; name = Base; path = Base.lproj/Settings.storyboard; sourceTree = "<group>"; };
		5F7624D728C216AC00D6FA65 /* AccountSettingsViewController.swift */ = {isa = PBXFileReference; lastKnownFileType = sourcecode.swift; path = AccountSettingsViewController.swift; sourceTree = "<group>"; };
		5F7624E028C224CD00D6FA65 /* ProfileViewController.swift */ = {isa = PBXFileReference; lastKnownFileType = sourcecode.swift; path = ProfileViewController.swift; sourceTree = "<group>"; };
		5F78B6BE2876D306003C58B5 /* SplashScreenViewController.swift */ = {isa = PBXFileReference; lastKnownFileType = sourcecode.swift; path = SplashScreenViewController.swift; sourceTree = "<group>"; };
		5F78B6C02876D47A003C58B5 /* MainStarterViewController.swift */ = {isa = PBXFileReference; lastKnownFileType = sourcecode.swift; path = MainStarterViewController.swift; sourceTree = "<group>"; };
		5F78B6C62876F13F003C58B5 /* SettingsViewController.swift */ = {isa = PBXFileReference; lastKnownFileType = sourcecode.swift; path = SettingsViewController.swift; sourceTree = "<group>"; };
		5F79FCE4289BB959009F6AE9 /* Polygon.swift */ = {isa = PBXFileReference; lastKnownFileType = sourcecode.swift; path = Polygon.swift; sourceTree = "<group>"; };
		5F79FCE6289BE389009F6AE9 /* Monitoring.swift */ = {isa = PBXFileReference; lastKnownFileType = sourcecode.swift; path = Monitoring.swift; sourceTree = "<group>"; };
		5F79FCE8289BF911009F6AE9 /* Person.swift */ = {isa = PBXFileReference; lastKnownFileType = sourcecode.swift; path = Person.swift; sourceTree = "<group>"; };
		5F7E5F6F28E6E92F0035A38C /* SafelyHuntUITests.xctest */ = {isa = PBXFileReference; explicitFileType = wrapper.cfbundle; includeInIndex = 0; path = SafelyHuntUITests.xctest; sourceTree = BUILT_PRODUCTS_DIR; };
		5F7E5F7128E6E92F0035A38C /* SafelyHuntUITests.swift */ = {isa = PBXFileReference; lastKnownFileType = sourcecode.swift; path = SafelyHuntUITests.swift; sourceTree = "<group>"; };
		5F7F698028932C1000562FDA /* AreaCellTableViewCell.swift */ = {isa = PBXFileReference; lastKnownFileType = sourcecode.swift; path = AreaCellTableViewCell.swift; sourceTree = "<group>"; };
		5F9390D628F15D8600768C15 /* UIViewExtension.swift */ = {isa = PBXFileReference; lastKnownFileType = sourcecode.swift; path = UIViewExtension.swift; sourceTree = "<group>"; };
		5F98BFB12902AB510063CCA9 /* Base */ = {isa = PBXFileReference; lastKnownFileType = file.storyboard; name = Base; path = Base.lproj/Main.storyboard; sourceTree = "<group>"; };
		5F98BFB42902AB580063CCA9 /* Base */ = {isa = PBXFileReference; lastKnownFileType = file.storyboard; name = Base; path = Base.lproj/TabbarMain.storyboard; sourceTree = "<group>"; };
		5F98BFB72902AB5E0063CCA9 /* Base */ = {isa = PBXFileReference; lastKnownFileType = file.storyboard; name = Base; path = Base.lproj/MainStarter.storyboard; sourceTree = "<group>"; };
		5F98BFBA2902AB630063CCA9 /* Base */ = {isa = PBXFileReference; lastKnownFileType = file.storyboard; name = Base; path = Base.lproj/AreasList.storyboard; sourceTree = "<group>"; };
		5F98BFBD2902AB6B0063CCA9 /* Base */ = {isa = PBXFileReference; lastKnownFileType = file.storyboard; name = Base; path = Base.lproj/Maps.storyboard; sourceTree = "<group>"; };
		5F98BFC02902AB730063CCA9 /* Base */ = {isa = PBXFileReference; lastKnownFileType = file.storyboard; name = Base; path = Base.lproj/AccountSettings.storyboard; sourceTree = "<group>"; };
		5F98BFC32902AB770063CCA9 /* Base */ = {isa = PBXFileReference; lastKnownFileType = file.storyboard; name = Base; path = Base.lproj/Profile.storyboard; sourceTree = "<group>"; };
		5F98BFC62902AB7C0063CCA9 /* Base */ = {isa = PBXFileReference; lastKnownFileType = file.storyboard; name = Base; path = Base.lproj/Ranking.storyboard; sourceTree = "<group>"; };
		5F98BFC82902AB9C0063CCA9 /* fr */ = {isa = PBXFileReference; lastKnownFileType = text.plist.strings; name = fr; path = "fr.lproj/Launch Screen.strings"; sourceTree = "<group>"; };
		5F98BFC92902AB9D0063CCA9 /* fr */ = {isa = PBXFileReference; lastKnownFileType = text.plist.strings; name = fr; path = fr.lproj/Login.strings; sourceTree = "<group>"; };
		5F98BFCA2902AB9E0063CCA9 /* fr */ = {isa = PBXFileReference; lastKnownFileType = text.plist.strings; name = fr; path = SafelyHunt/View/fr.lproj/Register.strings; sourceTree = "<group>"; };
		5F98BFCB2902AB9F0063CCA9 /* fr */ = {isa = PBXFileReference; lastKnownFileType = text.plist.strings; name = fr; path = fr.lproj/Main.strings; sourceTree = "<group>"; };
		5F98BFCC2902ABA10063CCA9 /* fr */ = {isa = PBXFileReference; lastKnownFileType = text.plist.strings; name = fr; path = fr.lproj/Settings.strings; sourceTree = "<group>"; };
		5F98BFCD2902ABA20063CCA9 /* fr */ = {isa = PBXFileReference; lastKnownFileType = text.plist.strings; name = fr; path = fr.lproj/AccountSettings.strings; sourceTree = "<group>"; };
		5F98BFCE2902ABA30063CCA9 /* fr */ = {isa = PBXFileReference; lastKnownFileType = text.plist.strings; name = fr; path = fr.lproj/Profile.strings; sourceTree = "<group>"; };
		5F98BFCF2902ABA30063CCA9 /* fr */ = {isa = PBXFileReference; lastKnownFileType = text.plist.strings; name = fr; path = fr.lproj/Ranking.strings; sourceTree = "<group>"; };
		5F98BFD02902ABA30063CCA9 /* fr */ = {isa = PBXFileReference; lastKnownFileType = text.plist.strings; name = fr; path = fr.lproj/TabbarMain.strings; sourceTree = "<group>"; };
		5F98BFD12902ABA30063CCA9 /* fr */ = {isa = PBXFileReference; lastKnownFileType = text.plist.strings; name = fr; path = fr.lproj/MainStarter.strings; sourceTree = "<group>"; };
		5F98BFD22902ABA40063CCA9 /* fr */ = {isa = PBXFileReference; lastKnownFileType = text.plist.strings; name = fr; path = fr.lproj/AreasList.strings; sourceTree = "<group>"; };
		5F98BFD32902ABA40063CCA9 /* fr */ = {isa = PBXFileReference; lastKnownFileType = text.plist.strings; name = fr; path = fr.lproj/Maps.strings; sourceTree = "<group>"; };
		5F98BFD52902AE450063CCA9 /* Base */ = {isa = PBXFileReference; lastKnownFileType = file.storyboard; name = Base; path = Base.lproj/Carousel.storyboard; sourceTree = "<group>"; };
		5F98BFD82902AE4C0063CCA9 /* fr */ = {isa = PBXFileReference; lastKnownFileType = text.plist.strings; name = fr; path = fr.lproj/Carousel.strings; sourceTree = "<group>"; };
		5F98BFD92902AFFB0063CCA9 /* StringExtension.swift */ = {isa = PBXFileReference; lastKnownFileType = sourcecode.swift; path = StringExtension.swift; sourceTree = "<group>"; };
		5F98BFDE2902BCBF0063CCA9 /* fr */ = {isa = PBXFileReference; lastKnownFileType = text.plist.strings; name = fr; path = fr.lproj/LocalizableLoginController.strings; sourceTree = "<group>"; };
		5F98BFE62902C7A20063CCA9 /* fr */ = {isa = PBXFileReference; lastKnownFileType = text.plist.strings; name = fr; path = fr.lproj/LocalizableCarousel.strings; sourceTree = "<group>"; };
		5F98BFF0290322570063CCA9 /* fr */ = {isa = PBXFileReference; lastKnownFileType = text.plist.strings; name = fr; path = fr.lproj/LocalizableLocalNotification.strings; sourceTree = "<group>"; };
		5F98BFF3290322660063CCA9 /* fr */ = {isa = PBXFileReference; lastKnownFileType = text.plist.strings; name = fr; path = fr.lproj/LocalizableRegisterViewController.strings; sourceTree = "<group>"; };
		5F98BFF92903258B0063CCA9 /* fr */ = {isa = PBXFileReference; lastKnownFileType = text.plist.strings; name = fr; path = fr.lproj/LocalizableMainStarter.strings; sourceTree = "<group>"; };
		5F98BFFE290328410063CCA9 /* fr */ = {isa = PBXFileReference; lastKnownFileType = text.plist.strings; name = fr; path = fr.lproj/LocalizableAreaListViewController.strings; sourceTree = "<group>"; };
		5F98C003290329E70063CCA9 /* fr */ = {isa = PBXFileReference; lastKnownFileType = text.plist.strings; name = fr; path = fr.lproj/Localizable.strings; sourceTree = "<group>"; };
		5F98C00829032BCE0063CCA9 /* fr */ = {isa = PBXFileReference; lastKnownFileType = text.plist.strings; name = fr; path = fr.lproj/LocalizableMapView.strings; sourceTree = "<group>"; };
		5F98C00D290332FB0063CCA9 /* fr */ = {isa = PBXFileReference; lastKnownFileType = text.plist.strings; name = fr; path = fr.lproj/LocalizableAccountSetting.strings; sourceTree = "<group>"; };
		5F98C00F290334B00063CCA9 /* LocalizableServicesError.strings */ = {isa = PBXFileReference; lastKnownFileType = text.plist.strings; path = LocalizableServicesError.strings; sourceTree = "<group>"; };
		5F98C0122903413B0063CCA9 /* fr */ = {isa = PBXFileReference; lastKnownFileType = text.plist.strings; name = fr; path = fr.lproj/LocalizableMainData.strings; sourceTree = "<group>"; };
		5F98C01829048ABD0063CCA9 /* ListSoundNotificationViewController.swift */ = {isa = PBXFileReference; lastKnownFileType = sourcecode.swift; path = ListSoundNotificationViewController.swift; sourceTree = "<group>"; };
		5FA61BB029067DEF00FD3B88 /* SoundNotification.storyboard */ = {isa = PBXFileReference; lastKnownFileType = file.storyboard; path = SoundNotification.storyboard; sourceTree = "<group>"; };
		5FA61BB229069BF600FD3B88 /* Scanning-alarm.caf */ = {isa = PBXFileReference; lastKnownFileType = file; path = "Scanning-alarm.caf"; sourceTree = "<group>"; };
		5FB1A9DB290F05B4001B3093 /* Base */ = {isa = PBXFileReference; lastKnownFileType = file.storyboard; name = Base; path = Base.lproj/PersonMode.storyboard; sourceTree = "<group>"; };
		5FB1A9DD290F05CC001B3093 /* fr */ = {isa = PBXFileReference; lastKnownFileType = text.plist.strings; name = fr; path = fr.lproj/PersonMode.strings; sourceTree = "<group>"; };
		5FB4BCCA28C681F500C69E8F /* UserServices.swift */ = {isa = PBXFileReference; lastKnownFileType = sourcecode.swift; path = UserServices.swift; sourceTree = "<group>"; };
		5FB4BCCC28C6821000C69E8F /* MonitoringServices.swift */ = {isa = PBXFileReference; lastKnownFileType = sourcecode.swift; path = MonitoringServices.swift; sourceTree = "<group>"; };
		5FBEF945287306C80023E5A5 /* LoginViewController.swift */ = {isa = PBXFileReference; lastKnownFileType = sourcecode.swift; path = LoginViewController.swift; sourceTree = "<group>"; };
		5FBEF947287306DD0023E5A5 /* RegisterViewController.swift */ = {isa = PBXFileReference; lastKnownFileType = sourcecode.swift; path = RegisterViewController.swift; sourceTree = "<group>"; };
		5FBEF94A2873073A0023E5A5 /* Base */ = {isa = PBXFileReference; lastKnownFileType = file.storyboard; name = Base; path = SafelyHunt/View/Base.lproj/Register.storyboard; sourceTree = "<group>"; };
		5FBEF94C2873706D0023E5A5 /* AreaServices.swift */ = {isa = PBXFileReference; lastKnownFileType = sourcecode.swift; path = AreaServices.swift; sourceTree = "<group>"; };
		5FBEF94E287375050023E5A5 /* ServicesError.swift */ = {isa = PBXFileReference; lastKnownFileType = sourcecode.swift; path = ServicesError.swift; sourceTree = "<group>"; };
		5FBEF951287380050023E5A5 /* UIViewController_Alert.swift */ = {isa = PBXFileReference; lastKnownFileType = sourcecode.swift; path = UIViewController_Alert.swift; sourceTree = "<group>"; };
		5FC7538F289408E600BC3DB7 /* MapViewController.swift */ = {isa = PBXFileReference; lastKnownFileType = sourcecode.swift; path = MapViewController.swift; sourceTree = "<group>"; };
		5FC753912894892B00BC3DB7 /* Area.swift */ = {isa = PBXFileReference; lastKnownFileType = sourcecode.swift; path = Area.swift; sourceTree = "<group>"; };
		5FCE8FCE2913ED700037BBCC /* musical-alert-notification.caf */ = {isa = PBXFileReference; lastKnownFileType = file; path = "musical-alert-notification.caf"; sourceTree = "<group>"; };
		5FCE8FCF2913ED700037BBCC /* security-facility-breach-alarm.caf */ = {isa = PBXFileReference; lastKnownFileType = file; path = "security-facility-breach-alarm.caf"; sourceTree = "<group>"; };
		5FCE8FD02913ED710037BBCC /* morning-clock-alarm.caf */ = {isa = PBXFileReference; lastKnownFileType = file; path = "morning-clock-alarm.caf"; sourceTree = "<group>"; };
		5FCE8FD12913ED710037BBCC /* melodical-flute-music-notification.caf */ = {isa = PBXFileReference; lastKnownFileType = file; path = "melodical-flute-music-notification.caf"; sourceTree = "<group>"; };
		5FCE8FD22913ED710037BBCC /* space-shooter-alarm.caf */ = {isa = PBXFileReference; lastKnownFileType = file; path = "space-shooter-alarm.caf"; sourceTree = "<group>"; };
		5FCE8FD32913ED710037BBCC /* street-public-alarm.caf */ = {isa = PBXFileReference; lastKnownFileType = file; path = "street-public-alarm.caf"; sourceTree = "<group>"; };
		5FCE8FD42913ED720037BBCC /* spaceship-alarm.caf */ = {isa = PBXFileReference; lastKnownFileType = file; path = "spaceship-alarm.caf"; sourceTree = "<group>"; };
		5FCE8FD52913ED720037BBCC /* uplifting-flute-notification.caf */ = {isa = PBXFileReference; lastKnownFileType = file; path = "uplifting-flute-notification.caf"; sourceTree = "<group>"; };
		5FCE8FD62913ED720037BBCC /* warning-alarm-buzzer.caf */ = {isa = PBXFileReference; lastKnownFileType = file; path = "warning-alarm-buzzer.caf"; sourceTree = "<group>"; };
		5FCE8FD72913ED730037BBCC /* retro-game-emergency-alarm.caf */ = {isa = PBXFileReference; lastKnownFileType = file; path = "retro-game-emergency-alarm.caf"; sourceTree = "<group>"; };
		5FED75EB28E5EDD1009A68E9 /* TestDateExtension.swift */ = {isa = PBXFileReference; fileEncoding = 4; lastKnownFileType = sourcecode.swift; path = TestDateExtension.swift; sourceTree = "<group>"; };
		5FED75EC28E5EDD2009A68E9 /* TestMonitoring.swift */ = {isa = PBXFileReference; fileEncoding = 4; lastKnownFileType = sourcecode.swift; path = TestMonitoring.swift; sourceTree = "<group>"; };
		5FED75ED28E5EDD2009A68E9 /* TestMonitoringServices.swift */ = {isa = PBXFileReference; fileEncoding = 4; lastKnownFileType = sourcecode.swift; path = TestMonitoringServices.swift; sourceTree = "<group>"; };
		5FFBFF8F28E384F700214FEB /* .swiftlint.yml */ = {isa = PBXFileReference; fileEncoding = 4; lastKnownFileType = text.yaml; path = .swiftlint.yml; sourceTree = "<group>"; };
		5FFCF680288EB481009D9AE8 /* Base */ = {isa = PBXFileReference; lastKnownFileType = file.storyboard; name = Base; path = "Base.lproj/Launch Screen.storyboard"; sourceTree = "<group>"; };
		5FFCF682288EB7CF009D9AE8 /* AreaListViewController.swift */ = {isa = PBXFileReference; lastKnownFileType = sourcecode.swift; path = AreaListViewController.swift; sourceTree = "<group>"; };
/* End PBXFileReference section */

/* Begin PBXFrameworksBuildPhase section */
		5F1CF2FA286B1F2900A0429D /* Frameworks */ = {
			isa = PBXFrameworksBuildPhase;
			buildActionMask = 2147483647;
			files = (
				5FC1A7CC28F0D906000C03BD /* FirebaseAnalyticsSwift in Frameworks */,
				5FC1A7D028F0D906000C03BD /* FirebaseAuth in Frameworks */,
				5FD577BA28D252F100F464F6 /* SPAlert in Frameworks */,
				5FC1A7D828F0D906000C03BD /* FirebaseFirestore in Frameworks */,
				5FC1A7D628F0D906000C03BD /* FirebaseDatabaseSwift in Frameworks */,
				5FC1A7D228F0D906000C03BD /* FirebaseCrashlytics in Frameworks */,
				5FD577B728D2529F00F464F6 /* NotificationBannerSwift in Frameworks */,
				5FC1A7CE28F0D906000C03BD /* FirebaseAppCheck in Frameworks */,
				5FC1A7D428F0D906000C03BD /* FirebaseDatabase in Frameworks */,
				5FC1A7DA28F0D906000C03BD /* FirebaseFunctions in Frameworks */,
				5FC1A7CA28F0D906000C03BD /* FirebaseAnalytics in Frameworks */,
			);
			runOnlyForDeploymentPostprocessing = 0;
		};
		5F1CF310286B1F2C00A0429D /* Frameworks */ = {
			isa = PBXFrameworksBuildPhase;
			buildActionMask = 2147483647;
			files = (
			);
			runOnlyForDeploymentPostprocessing = 0;
		};
		5F7E5F6C28E6E92F0035A38C /* Frameworks */ = {
			isa = PBXFrameworksBuildPhase;
			buildActionMask = 2147483647;
			files = (
			);
			runOnlyForDeploymentPostprocessing = 0;
		};
/* End PBXFrameworksBuildPhase section */

/* Begin PBXGroup section */
		5F0B7317289D96F80034CB48 /* Enum */ = {
			isa = PBXGroup;
			children = (
				5F0B7315289D96160034CB48 /* MapMode.swift */,
				5F6483212907AF8700C27FEA /* PersonMode.swift */,
			);
			path = Enum;
			sourceTree = "<group>";
		};
		5F14AD1D287827F20039002A /* Services */ = {
			isa = PBXGroup;
			children = (
				5FB4BCCA28C681F500C69E8F /* UserServices.swift */,
				5FB4BCCC28C6821000C69E8F /* MonitoringServices.swift */,
				5FBEF94C2873706D0023E5A5 /* AreaServices.swift */,
				5FBEF94E287375050023E5A5 /* ServicesError.swift */,
				5F576C7F290089A1004B4A91 /* RanckingServices.swift */,
			);
			path = Services;
			sourceTree = "<group>";
		};
		5F14AD242878406B0039002A /* SignIn-SignUp */ = {
			isa = PBXGroup;
			children = (
				5F78B6BE2876D306003C58B5 /* SplashScreenViewController.swift */,
				5FBEF945287306C80023E5A5 /* LoginViewController.swift */,
				5FBEF947287306DD0023E5A5 /* RegisterViewController.swift */,
			);
			path = "SignIn-SignUp";
			sourceTree = "<group>";
		};
		5F14AD25287840C80039002A /* SignIn-SignUp */ = {
			isa = PBXGroup;
			children = (
				5F1CF306286B1F2900A0429D /* Login.storyboard */,
				5FBEF9492873073A0023E5A5 /* Register.storyboard */,
				5F98BFB22902AB510063CCA9 /* Main.storyboard */,
			);
			path = "SignIn-SignUp";
			sourceTree = "<group>";
		};
		5F1CF2F4286B1F2900A0429D = {
			isa = PBXGroup;
			children = (
				5FFBFF8F28E384F700214FEB /* .swiftlint.yml */,
				5F1CF2FF286B1F2900A0429D /* SafelyHunt */,
				5F1CF316286B1F2C00A0429D /* SafelyHuntTests */,
				5F7E5F7028E6E92F0035A38C /* SafelyHuntUITests */,
				5F1CF2FE286B1F2900A0429D /* Products */,
			);
			sourceTree = "<group>";
		};
		5F1CF2FE286B1F2900A0429D /* Products */ = {
			isa = PBXGroup;
			children = (
				5F1CF2FD286B1F2900A0429D /* SafelyHunt.app */,
				5F1CF313286B1F2C00A0429D /* SafelyHuntTests.xctest */,
				5F7E5F6F28E6E92F0035A38C /* SafelyHuntUITests.xctest */,
			);
			name = Products;
			sourceTree = "<group>";
		};
		5F1CF2FF286B1F2900A0429D /* SafelyHunt */ = {
			isa = PBXGroup;
			children = (
				5F1CF330286B1FB500A0429D /* GoogleService-Info.plist */,
				5F0B7317289D96F80034CB48 /* Enum */,
				5FBEF95028737FDC0023E5A5 /* Extension */,
				5FCDFFB9286CE595002D83DD /* SupportingFiles */,
				5F14AD1D287827F20039002A /* Services */,
				5FCDFFB8286CE584002D83DD /* Model */,
				5FCDFFB7286CE57A002D83DD /* View */,
				5FCDFFB6286CE56C002D83DD /* Controller */,
			);
			path = SafelyHunt;
			sourceTree = "<group>";
		};
		5F1CF316286B1F2C00A0429D /* SafelyHuntTests */ = {
			isa = PBXGroup;
			children = (
				5FED75E928E5EDB9009A68E9 /* UnitTests */,
			);
			path = SafelyHuntTests;
			sourceTree = "<group>";
		};
		5F24E5FE28F602B1002DBF6F /* Carousel */ = {
			isa = PBXGroup;
			children = (
				5F98BFD62902AE450063CCA9 /* Carousel.storyboard */,
			);
			path = Carousel;
			sourceTree = "<group>";
		};
		5F24E60128F602E0002DBF6F /* Carousel */ = {
			isa = PBXGroup;
			children = (
				5F24E60328F6031E002DBF6F /* CarouselViewController.swift */,
			);
			path = Carousel;
			sourceTree = "<group>";
		};
		5F7624D928C2215800D6FA65 /* Settings */ = {
			isa = PBXGroup;
			children = (
				5F7624D228C2159800D6FA65 /* Settings.storyboard */,
				5F98BFC12902AB730063CCA9 /* AccountSettings.storyboard */,
				5F98BFC42902AB770063CCA9 /* Profile.storyboard */,
				5F98BFC72902AB7C0063CCA9 /* Ranking.storyboard */,
				5FA61BB029067DEF00FD3B88 /* SoundNotification.storyboard */,
				5FB1A9DA290F05AE001B3093 /* PersonMode.storyboard */,
			);
			path = Settings;
			sourceTree = "<group>";
		};
		5F7624DA28C221C300D6FA65 /* Tabbar */ = {
			isa = PBXGroup;
			children = (
				5F24E5FE28F602B1002DBF6F /* Carousel */,
				5F98BFB52902AB580063CCA9 /* TabbarMain.storyboard */,
				5F7624DB28C2222D00D6FA65 /* AreaList+Map */,
				5F7624D928C2215800D6FA65 /* Settings */,
			);
			path = Tabbar;
			sourceTree = "<group>";
		};
		5F7624DB28C2222D00D6FA65 /* AreaList+Map */ = {
			isa = PBXGroup;
			children = (
				5F98BFB82902AB5E0063CCA9 /* MainStarter.storyboard */,
				5F98BFBB2902AB630063CCA9 /* AreasList.storyboard */,
				5F7F698028932C1000562FDA /* AreaCellTableViewCell.swift */,
				5F98BFBE2902AB6B0063CCA9 /* Maps.storyboard */,
				5F1212AA2942968E005427AD /* LevelProfile.storyboard */,
			);
			path = "AreaList+Map";
			sourceTree = "<group>";
		};
		5F7624DE28C2228400D6FA65 /* AreaList+Map */ = {
			isa = PBXGroup;
			children = (
				5F78B6C02876D47A003C58B5 /* MainStarterViewController.swift */,
				5FFCF682288EB7CF009D9AE8 /* AreaListViewController.swift */,
				5FC7538F289408E600BC3DB7 /* MapViewController.swift */,
				5F1212AC2942994C005427AD /* LevelProfileViewController.swift */,
			);
			path = "AreaList+Map";
			sourceTree = "<group>";
		};
		5F7624DF28C222A600D6FA65 /* Settings */ = {
			isa = PBXGroup;
			children = (
				5F78B6C62876F13F003C58B5 /* SettingsViewController.swift */,
				5F7624D728C216AC00D6FA65 /* AccountSettingsViewController.swift */,
				5F7624E028C224CD00D6FA65 /* ProfileViewController.swift */,
				5F576C81290091E3004B4A91 /* RankingViewController.swift */,
				5F98C01829048ABD0063CCA9 /* ListSoundNotificationViewController.swift */,
				5F64832529085DD400C27FEA /* PersonModeViewController.swift */,
			);
			path = Settings;
			sourceTree = "<group>";
		};
		5F7E5F7028E6E92F0035A38C /* SafelyHuntUITests */ = {
			isa = PBXGroup;
			children = (
				5F7E5F7128E6E92F0035A38C /* SafelyHuntUITests.swift */,
			);
			path = SafelyHuntUITests;
			sourceTree = "<group>";
		};
		5F98BFE22902C5AB0063CCA9 /* Languages */ = {
			isa = PBXGroup;
			children = (
				5F98BFE82902CDED0063CCA9 /* French */,
			);
			path = Languages;
			sourceTree = "<group>";
		};
		5F98BFE82902CDED0063CCA9 /* French */ = {
			isa = PBXGroup;
			children = (
				5F98BFDF2902BCBF0063CCA9 /* LocalizableLoginController.strings */,
				5F98BFE72902C7A20063CCA9 /* LocalizableCarousel.strings */,
				5F98C0132903413B0063CCA9 /* LocalizableMainData.strings */,
				5F98BFF1290322570063CCA9 /* LocalizableLocalNotification.strings */,
				5F98BFF4290322660063CCA9 /* LocalizableRegisterViewController.strings */,
				5F98BFFA2903258B0063CCA9 /* LocalizableMainStarter.strings */,
				5F98BFFF290328410063CCA9 /* LocalizableAreaListViewController.strings */,
				5F98C004290329E70063CCA9 /* Localizable.strings */,
				5F98C00929032BCE0063CCA9 /* LocalizableMapView.strings */,
				5F98C00E290332FB0063CCA9 /* LocalizableAccountSetting.strings */,
				5F98C00F290334B00063CCA9 /* LocalizableServicesError.strings */,
			);
			path = French;
			sourceTree = "<group>";
		};
		5FBEF95028737FDC0023E5A5 /* Extension */ = {
			isa = PBXGroup;
			children = (
				5FBEF951287380050023E5A5 /* UIViewController_Alert.swift */,
				5F79FCE4289BB959009F6AE9 /* Polygon.swift */,
				5F46BEF6289E9EEA00D1E020 /* CustomAnnotationView.swift */,
				5F46BEF8289EF23A00D1E020 /* DateExtension.swift */,
				5F9390D628F15D8600768C15 /* UIViewExtension.swift */,
				5F98BFD92902AFFB0063CCA9 /* StringExtension.swift */,
			);
			path = Extension;
			sourceTree = "<group>";
		};
		5FCDFFB6286CE56C002D83DD /* Controller */ = {
			isa = PBXGroup;
			children = (
				5F24E60128F602E0002DBF6F /* Carousel */,
				5F14AD242878406B0039002A /* SignIn-SignUp */,
				5F7624DE28C2228400D6FA65 /* AreaList+Map */,
				5F7624DF28C222A600D6FA65 /* Settings */,
			);
			path = Controller;
			sourceTree = "<group>";
		};
		5FCDFFB7286CE57A002D83DD /* View */ = {
			isa = PBXGroup;
			children = (
				5FFCF67F288EB481009D9AE8 /* Launch Screen.storyboard */,
				5F14AD25287840C80039002A /* SignIn-SignUp */,
				5F7624DA28C221C300D6FA65 /* Tabbar */,
			);
			path = View;
			sourceTree = "<group>";
		};
		5FCDFFB8286CE584002D83DD /* Model */ = {
			isa = PBXGroup;
			children = (
				5F14AD1E2878284C0039002A /* UserDefaultKeys.swift */,
				5F14AD20287829470039002A /* MainData.swift */,
				5FC753912894892B00BC3DB7 /* Area.swift */,
				5F79FCE6289BE389009F6AE9 /* Monitoring.swift */,
				5F79FCE8289BF911009F6AE9 /* Person.swift */,
				5F46BEF4289E9E2400D1E020 /* AnnotationPerson.swift */,
				5F62872928A522B600AD51E2 /* LocalNotification.swift */,
				5F1212AE2943BEB8005427AD /* CalculationsPoints.swift */,
			);
			path = Model;
			sourceTree = "<group>";
		};
		5FCDFFB9286CE595002D83DD /* SupportingFiles */ = {
			isa = PBXGroup;
			children = (
				5FCE8FCD2913E8D60037BBCC /* sound */,
				5F98BFE22902C5AB0063CCA9 /* Languages */,
				5F1CF300286B1F2900A0429D /* AppDelegate.swift */,
				5F1CF302286B1F2900A0429D /* SceneDelegate.swift */,
				5F1CF30E286B1F2C00A0429D /* Info.plist */,
				5F1CF309286B1F2B00A0429D /* Assets.xcassets */,
			);
			path = SupportingFiles;
			sourceTree = "<group>";
		};
		5FCE8FCD2913E8D60037BBCC /* sound */ = {
			isa = PBXGroup;
			children = (
				5FCE8FD12913ED710037BBCC /* melodical-flute-music-notification.caf */,
				5FCE8FD02913ED710037BBCC /* morning-clock-alarm.caf */,
				5FCE8FCE2913ED700037BBCC /* musical-alert-notification.caf */,
				5FCE8FD72913ED730037BBCC /* retro-game-emergency-alarm.caf */,
				5FCE8FCF2913ED700037BBCC /* security-facility-breach-alarm.caf */,
				5FCE8FD22913ED710037BBCC /* space-shooter-alarm.caf */,
				5FCE8FD42913ED720037BBCC /* spaceship-alarm.caf */,
				5FCE8FD32913ED710037BBCC /* street-public-alarm.caf */,
				5FCE8FD52913ED720037BBCC /* uplifting-flute-notification.caf */,
				5FCE8FD62913ED720037BBCC /* warning-alarm-buzzer.caf */,
				5F62872C28A5230E00AD51E2 /* Orchestral-emergency.caf */,
				5FA61BB229069BF600FD3B88 /* Scanning-alarm.caf */,
			);
			path = sound;
			sourceTree = "<group>";
		};
		5FED75E928E5EDB9009A68E9 /* UnitTests */ = {
			isa = PBXGroup;
			children = (
				5FED75EB28E5EDD1009A68E9 /* TestDateExtension.swift */,
				5FED75EC28E5EDD2009A68E9 /* TestMonitoring.swift */,
				5FED75ED28E5EDD2009A68E9 /* TestMonitoringServices.swift */,
			);
			path = UnitTests;
			sourceTree = "<group>";
		};
/* End PBXGroup section */

/* Begin PBXNativeTarget section */
		5F1CF2FC286B1F2900A0429D /* SafelyHunt */ = {
			isa = PBXNativeTarget;
			buildConfigurationList = 5F1CF327286B1F2C00A0429D /* Build configuration list for PBXNativeTarget "SafelyHunt" */;
			buildPhases = (
				5F1CF2F9286B1F2900A0429D /* Sources */,
				5F1CF2FA286B1F2900A0429D /* Frameworks */,
				5F1CF2FB286B1F2900A0429D /* Resources */,
				5FF87C6228EAF4CD00D9087C /* SwiftLint */,
				5FF87C6428EAFAEB00D9087C /* Crashlytics */,
			);
			buildRules = (
			);
			dependencies = (
			);
			name = SafelyHunt;
			packageProductDependencies = (
				5FD577B628D2529F00F464F6 /* NotificationBannerSwift */,
				5FD577B928D252F100F464F6 /* SPAlert */,
				5FC1A7C928F0D906000C03BD /* FirebaseAnalytics */,
				5FC1A7CB28F0D906000C03BD /* FirebaseAnalyticsSwift */,
				5FC1A7CD28F0D906000C03BD /* FirebaseAppCheck */,
				5FC1A7CF28F0D906000C03BD /* FirebaseAuth */,
				5FC1A7D128F0D906000C03BD /* FirebaseCrashlytics */,
				5FC1A7D328F0D906000C03BD /* FirebaseDatabase */,
				5FC1A7D528F0D906000C03BD /* FirebaseDatabaseSwift */,
				5FC1A7D728F0D906000C03BD /* FirebaseFirestore */,
				5FC1A7D928F0D906000C03BD /* FirebaseFunctions */,
			);
			productName = SafelyHunt;
			productReference = 5F1CF2FD286B1F2900A0429D /* SafelyHunt.app */;
			productType = "com.apple.product-type.application";
		};
		5F1CF312286B1F2C00A0429D /* SafelyHuntTests */ = {
			isa = PBXNativeTarget;
			buildConfigurationList = 5F1CF32A286B1F2C00A0429D /* Build configuration list for PBXNativeTarget "SafelyHuntTests" */;
			buildPhases = (
				5F1CF30F286B1F2C00A0429D /* Sources */,
				5F1CF310286B1F2C00A0429D /* Frameworks */,
				5F1CF311286B1F2C00A0429D /* Resources */,
			);
			buildRules = (
			);
			dependencies = (
				5F1CF315286B1F2C00A0429D /* PBXTargetDependency */,
			);
			name = SafelyHuntTests;
			productName = SafelyHuntTests;
			productReference = 5F1CF313286B1F2C00A0429D /* SafelyHuntTests.xctest */;
			productType = "com.apple.product-type.bundle.unit-test";
		};
		5F7E5F6E28E6E92F0035A38C /* SafelyHuntUITests */ = {
			isa = PBXNativeTarget;
			buildConfigurationList = 5F7E5F7928E6E92F0035A38C /* Build configuration list for PBXNativeTarget "SafelyHuntUITests" */;
			buildPhases = (
				5F7E5F6B28E6E92F0035A38C /* Sources */,
				5F7E5F6C28E6E92F0035A38C /* Frameworks */,
				5F7E5F6D28E6E92F0035A38C /* Resources */,
			);
			buildRules = (
			);
			dependencies = (
				5F7E5F7628E6E92F0035A38C /* PBXTargetDependency */,
			);
			name = SafelyHuntUITests;
			productName = SafelyHuntUITests;
			productReference = 5F7E5F6F28E6E92F0035A38C /* SafelyHuntUITests.xctest */;
			productType = "com.apple.product-type.bundle.ui-testing";
		};
/* End PBXNativeTarget section */

/* Begin PBXProject section */
		5F1CF2F5286B1F2900A0429D /* Project object */ = {
			isa = PBXProject;
			attributes = {
				BuildIndependentTargetsInParallel = 1;
				LastSwiftUpdateCheck = 1400;
				LastUpgradeCheck = 1330;
				TargetAttributes = {
					5F1CF2FC286B1F2900A0429D = {
						CreatedOnToolsVersion = 13.3.1;
					};
					5F1CF312286B1F2C00A0429D = {
						CreatedOnToolsVersion = 13.3.1;
						TestTargetID = 5F1CF2FC286B1F2900A0429D;
					};
					5F7E5F6E28E6E92F0035A38C = {
						CreatedOnToolsVersion = 14.0;
						TestTargetID = 5F1CF2FC286B1F2900A0429D;
					};
				};
			};
			buildConfigurationList = 5F1CF2F8286B1F2900A0429D /* Build configuration list for PBXProject "SafelyHunt" */;
			compatibilityVersion = "Xcode 13.0";
			developmentRegion = en;
			hasScannedForEncodings = 0;
			knownRegions = (
				en,
				Base,
				fr,
			);
			mainGroup = 5F1CF2F4286B1F2900A0429D;
			packageReferences = (
				5FD577B528D2529E00F464F6 /* XCRemoteSwiftPackageReference "NotificationBanner" */,
				5FD577B828D252F100F464F6 /* XCRemoteSwiftPackageReference "SPAlert" */,
				5FC1A7C828F0D906000C03BD /* XCRemoteSwiftPackageReference "firebase-ios-sdk" */,
			);
			productRefGroup = 5F1CF2FE286B1F2900A0429D /* Products */;
			projectDirPath = "";
			projectRoot = "";
			targets = (
				5F1CF2FC286B1F2900A0429D /* SafelyHunt */,
				5F1CF312286B1F2C00A0429D /* SafelyHuntTests */,
				5F7E5F6E28E6E92F0035A38C /* SafelyHuntUITests */,
			);
		};
/* End PBXProject section */

/* Begin PBXResourcesBuildPhase section */
		5F1CF2FB286B1F2900A0429D /* Resources */ = {
			isa = PBXResourcesBuildPhase;
			buildActionMask = 2147483647;
			files = (
				5F98BFFD290328410063CCA9 /* LocalizableAreaListViewController.strings in Resources */,
				5F98C010290334B00063CCA9 /* LocalizableServicesError.strings in Resources */,
				5F98BFB92902AB630063CCA9 /* AreasList.storyboard in Resources */,
				5F1CF331286B1FB500A0429D /* GoogleService-Info.plist in Resources */,
				5F62872E28A5230F00AD51E2 /* Orchestral-emergency.caf in Resources */,
				5FB1A9D8290F05AE001B3093 /* PersonMode.storyboard in Resources */,
				5FCE8FDC2913ED730037BBCC /* space-shooter-alarm.caf in Resources */,
				5F1CF30A286B1F2B00A0429D /* Assets.xcassets in Resources */,
				5F1CF308286B1F2900A0429D /* Login.storyboard in Resources */,
				5FCE8FDD2913ED730037BBCC /* street-public-alarm.caf in Resources */,
				5F98BFB62902AB5E0063CCA9 /* MainStarter.storyboard in Resources */,
				5F98BFD42902AE450063CCA9 /* Carousel.storyboard in Resources */,
				5FFCF681288EB481009D9AE8 /* Launch Screen.storyboard in Resources */,
				5F98C002290329E70063CCA9 /* Localizable.strings in Resources */,
				5F98BFB02902AB510063CCA9 /* Main.storyboard in Resources */,
				5FCE8FD92913ED730037BBCC /* security-facility-breach-alarm.caf in Resources */,
				5FFBFF9028E384F700214FEB /* .swiftlint.yml in Resources */,
				5F98BFEF290322570063CCA9 /* LocalizableLocalNotification.strings in Resources */,
				5FA61BB129067DEF00FD3B88 /* SoundNotification.storyboard in Resources */,
				5FCE8FE12913ED730037BBCC /* retro-game-emergency-alarm.caf in Resources */,
				5F98BFBC2902AB6B0063CCA9 /* Maps.storyboard in Resources */,
				5FCE8FDB2913ED730037BBCC /* melodical-flute-music-notification.caf in Resources */,
				5FBEF94B2873073A0023E5A5 /* Register.storyboard in Resources */,
				5F98BFC52902AB7C0063CCA9 /* Ranking.storyboard in Resources */,
				5F98BFF82903258B0063CCA9 /* LocalizableMainStarter.strings in Resources */,
				5F1212AB2942968E005427AD /* LevelProfile.storyboard in Resources */,
				5FA61BB329069BF600FD3B88 /* Scanning-alarm.caf in Resources */,
				5FCE8FDA2913ED730037BBCC /* morning-clock-alarm.caf in Resources */,
				5F98C00C290332FB0063CCA9 /* LocalizableAccountSetting.strings in Resources */,
				5F98BFB32902AB580063CCA9 /* TabbarMain.storyboard in Resources */,
				5F98C00729032BCE0063CCA9 /* LocalizableMapView.strings in Resources */,
				5F98BFE52902C7A20063CCA9 /* LocalizableCarousel.strings in Resources */,
				5F98C0112903413B0063CCA9 /* LocalizableMainData.strings in Resources */,
				5FCE8FE02913ED730037BBCC /* warning-alarm-buzzer.caf in Resources */,
				5FCE8FDF2913ED730037BBCC /* uplifting-flute-notification.caf in Resources */,
				5F98BFBF2902AB730063CCA9 /* AccountSettings.storyboard in Resources */,
				5F98BFDD2902BCBF0063CCA9 /* LocalizableLoginController.strings in Resources */,
				5FCE8FDE2913ED730037BBCC /* spaceship-alarm.caf in Resources */,
				5F98BFF2290322660063CCA9 /* LocalizableRegisterViewController.strings in Resources */,
				5FCE8FD82913ED730037BBCC /* musical-alert-notification.caf in Resources */,
				5F98BFC22902AB770063CCA9 /* Profile.storyboard in Resources */,
				5F7624D428C2159800D6FA65 /* Settings.storyboard in Resources */,
			);
			runOnlyForDeploymentPostprocessing = 0;
		};
		5F1CF311286B1F2C00A0429D /* Resources */ = {
			isa = PBXResourcesBuildPhase;
			buildActionMask = 2147483647;
			files = (
				5F1CF332286B1FB500A0429D /* GoogleService-Info.plist in Resources */,
			);
			runOnlyForDeploymentPostprocessing = 0;
		};
		5F7E5F6D28E6E92F0035A38C /* Resources */ = {
			isa = PBXResourcesBuildPhase;
			buildActionMask = 2147483647;
			files = (
			);
			runOnlyForDeploymentPostprocessing = 0;
		};
/* End PBXResourcesBuildPhase section */

/* Begin PBXShellScriptBuildPhase section */
		5FF87C6228EAF4CD00D9087C /* SwiftLint */ = {
			isa = PBXShellScriptBuildPhase;
			alwaysOutOfDate = 1;
			buildActionMask = 2147483647;
			files = (
			);
			inputFileListPaths = (
			);
			inputPaths = (
			);
			name = SwiftLint;
			outputFileListPaths = (
			);
			outputPaths = (
			);
			runOnlyForDeploymentPostprocessing = 0;
			shellPath = /bin/sh;
			shellScript = "# Type a script or drag a script file from your workspace to insert its path.\nif which swiftlint >/dev/null; then\n    swiftlint autocorrect\n    swiftlint\nelse\n    echo \"warning: SwiftLint not installed, download from https ://github.com/realm/SwiftLint\"\nfi\n";
		};
		5FF87C6428EAFAEB00D9087C /* Crashlytics */ = {
			isa = PBXShellScriptBuildPhase;
			alwaysOutOfDate = 1;
			buildActionMask = 2147483647;
			files = (
			);
			inputFileListPaths = (
			);
			inputPaths = (
				"${DWARF_DSYM_FOLDER_PATH}/${DWARF_DSYM_FILE_NAME}/Contents/Resources/DWARF/${TARGET_NAME}",
				"$(SRCROOT)/$(BUILT_PRODUCTS_DIR)/$(INFOPLIST_PATH)",
			);
			name = Crashlytics;
			outputFileListPaths = (
			);
			outputPaths = (
			);
			runOnlyForDeploymentPostprocessing = 0;
			shellPath = /bin/sh;
			shellScript = "# Type a script or drag a script file from your workspace to insert its path.\n\"${BUILD_DIR%/Build/*}/SourcePackages/checkouts/firebase-ios-sdk/Crashlytics/run\"\n";
		};
/* End PBXShellScriptBuildPhase section */

/* Begin PBXSourcesBuildPhase section */
		5F1CF2F9286B1F2900A0429D /* Sources */ = {
			isa = PBXSourcesBuildPhase;
			buildActionMask = 2147483647;
			files = (
				5FBEF946287306C80023E5A5 /* LoginViewController.swift in Sources */,
				5F98C01929048ABD0063CCA9 /* ListSoundNotificationViewController.swift in Sources */,
				5F46BEF7289E9EEA00D1E020 /* CustomAnnotationView.swift in Sources */,
				5F79FCE9289BF911009F6AE9 /* Person.swift in Sources */,
				5FB4BCCB28C681F500C69E8F /* UserServices.swift in Sources */,
				5F46BEF5289E9E2400D1E020 /* AnnotationPerson.swift in Sources */,
				5F1212AD2942994C005427AD /* LevelProfileViewController.swift in Sources */,
				5FBEF94D2873706D0023E5A5 /* AreaServices.swift in Sources */,
				5F46BEF9289EF23A00D1E020 /* DateExtension.swift in Sources */,
				5F7F698128932C1000562FDA /* AreaCellTableViewCell.swift in Sources */,
				5F79FCE5289BB959009F6AE9 /* Polygon.swift in Sources */,
				5F0B7316289D96160034CB48 /* MapMode.swift in Sources */,
				5F6483222907AF8700C27FEA /* PersonMode.swift in Sources */,
				5F576C80290089A1004B4A91 /* RanckingServices.swift in Sources */,
				5F24E60428F6031E002DBF6F /* CarouselViewController.swift in Sources */,
				5FFCF683288EB7CF009D9AE8 /* AreaListViewController.swift in Sources */,
				5F79FCE7289BE389009F6AE9 /* Monitoring.swift in Sources */,
				5FBEF948287306DD0023E5A5 /* RegisterViewController.swift in Sources */,
				5F14AD1F2878284C0039002A /* UserDefaultKeys.swift in Sources */,
				5F7624E128C224CE00D6FA65 /* ProfileViewController.swift in Sources */,
				5FB4BCCD28C6821000C69E8F /* MonitoringServices.swift in Sources */,
				5F64832629085DD400C27FEA /* PersonModeViewController.swift in Sources */,
				5F62872A28A522B600AD51E2 /* LocalNotification.swift in Sources */,
				5FBEF952287380050023E5A5 /* UIViewController_Alert.swift in Sources */,
				5F98BFDA2902AFFB0063CCA9 /* StringExtension.swift in Sources */,
				5F14AD21287829470039002A /* MainData.swift in Sources */,
				5F7624D828C216AC00D6FA65 /* AccountSettingsViewController.swift in Sources */,
				5FBEF94F287375050023E5A5 /* ServicesError.swift in Sources */,
				5F78B6BF2876D306003C58B5 /* SplashScreenViewController.swift in Sources */,
				5F78B6C12876D47A003C58B5 /* MainStarterViewController.swift in Sources */,
				5F1212AF2943BEB8005427AD /* CalculationsPoints.swift in Sources */,
				5F1CF301286B1F2900A0429D /* AppDelegate.swift in Sources */,
				5F9390D728F15D8600768C15 /* UIViewExtension.swift in Sources */,
				5F1CF303286B1F2900A0429D /* SceneDelegate.swift in Sources */,
				5F78B6C72876F13F003C58B5 /* SettingsViewController.swift in Sources */,
				5FC753922894892B00BC3DB7 /* Area.swift in Sources */,
				5FC75390289408E600BC3DB7 /* MapViewController.swift in Sources */,
				5F576C82290091E3004B4A91 /* RankingViewController.swift in Sources */,
			);
			runOnlyForDeploymentPostprocessing = 0;
		};
		5F1CF30F286B1F2C00A0429D /* Sources */ = {
			isa = PBXSourcesBuildPhase;
			buildActionMask = 2147483647;
			files = (
				5FED75F128E5EDD2009A68E9 /* TestMonitoringServices.swift in Sources */,
				5FED75EF28E5EDD2009A68E9 /* TestDateExtension.swift in Sources */,
				5FED75F028E5EDD2009A68E9 /* TestMonitoring.swift in Sources */,
			);
			runOnlyForDeploymentPostprocessing = 0;
		};
		5F7E5F6B28E6E92F0035A38C /* Sources */ = {
			isa = PBXSourcesBuildPhase;
			buildActionMask = 2147483647;
			files = (
				5F7E5F7228E6E92F0035A38C /* SafelyHuntUITests.swift in Sources */,
			);
			runOnlyForDeploymentPostprocessing = 0;
		};
/* End PBXSourcesBuildPhase section */

/* Begin PBXTargetDependency section */
		5F1CF315286B1F2C00A0429D /* PBXTargetDependency */ = {
			isa = PBXTargetDependency;
			target = 5F1CF2FC286B1F2900A0429D /* SafelyHunt */;
			targetProxy = 5F1CF314286B1F2C00A0429D /* PBXContainerItemProxy */;
		};
		5F7E5F7628E6E92F0035A38C /* PBXTargetDependency */ = {
			isa = PBXTargetDependency;
			target = 5F1CF2FC286B1F2900A0429D /* SafelyHunt */;
			targetProxy = 5F7E5F7528E6E92F0035A38C /* PBXContainerItemProxy */;
		};
/* End PBXTargetDependency section */

/* Begin PBXVariantGroup section */
		5F1CF306286B1F2900A0429D /* Login.storyboard */ = {
			isa = PBXVariantGroup;
			children = (
				5F1CF307286B1F2900A0429D /* Base */,
				5F98BFC92902AB9D0063CCA9 /* fr */,
			);
			name = Login.storyboard;
			sourceTree = "<group>";
		};
		5F7624D228C2159800D6FA65 /* Settings.storyboard */ = {
			isa = PBXVariantGroup;
			children = (
				5F7624D328C2159800D6FA65 /* Base */,
				5F98BFCC2902ABA10063CCA9 /* fr */,
			);
			name = Settings.storyboard;
			sourceTree = "<group>";
		};
		5F98BFB22902AB510063CCA9 /* Main.storyboard */ = {
			isa = PBXVariantGroup;
			children = (
				5F98BFB12902AB510063CCA9 /* Base */,
				5F98BFCB2902AB9F0063CCA9 /* fr */,
			);
			name = Main.storyboard;
			sourceTree = "<group>";
		};
		5F98BFB52902AB580063CCA9 /* TabbarMain.storyboard */ = {
			isa = PBXVariantGroup;
			children = (
				5F98BFB42902AB580063CCA9 /* Base */,
				5F98BFD02902ABA30063CCA9 /* fr */,
			);
			name = TabbarMain.storyboard;
			sourceTree = "<group>";
		};
		5F98BFB82902AB5E0063CCA9 /* MainStarter.storyboard */ = {
			isa = PBXVariantGroup;
			children = (
				5F98BFB72902AB5E0063CCA9 /* Base */,
				5F98BFD12902ABA30063CCA9 /* fr */,
			);
			name = MainStarter.storyboard;
			sourceTree = "<group>";
		};
		5F98BFBB2902AB630063CCA9 /* AreasList.storyboard */ = {
			isa = PBXVariantGroup;
			children = (
				5F98BFBA2902AB630063CCA9 /* Base */,
				5F98BFD22902ABA40063CCA9 /* fr */,
			);
			name = AreasList.storyboard;
			sourceTree = "<group>";
		};
		5F98BFBE2902AB6B0063CCA9 /* Maps.storyboard */ = {
			isa = PBXVariantGroup;
			children = (
				5F98BFBD2902AB6B0063CCA9 /* Base */,
				5F98BFD32902ABA40063CCA9 /* fr */,
			);
			name = Maps.storyboard;
			sourceTree = "<group>";
		};
		5F98BFC12902AB730063CCA9 /* AccountSettings.storyboard */ = {
			isa = PBXVariantGroup;
			children = (
				5F98BFC02902AB730063CCA9 /* Base */,
				5F98BFCD2902ABA20063CCA9 /* fr */,
			);
			name = AccountSettings.storyboard;
			sourceTree = "<group>";
		};
		5F98BFC42902AB770063CCA9 /* Profile.storyboard */ = {
			isa = PBXVariantGroup;
			children = (
				5F98BFC32902AB770063CCA9 /* Base */,
				5F98BFCE2902ABA30063CCA9 /* fr */,
			);
			name = Profile.storyboard;
			sourceTree = "<group>";
		};
		5F98BFC72902AB7C0063CCA9 /* Ranking.storyboard */ = {
			isa = PBXVariantGroup;
			children = (
				5F98BFC62902AB7C0063CCA9 /* Base */,
				5F98BFCF2902ABA30063CCA9 /* fr */,
			);
			name = Ranking.storyboard;
			sourceTree = "<group>";
		};
		5F98BFD62902AE450063CCA9 /* Carousel.storyboard */ = {
			isa = PBXVariantGroup;
			children = (
				5F98BFD52902AE450063CCA9 /* Base */,
				5F98BFD82902AE4C0063CCA9 /* fr */,
			);
			name = Carousel.storyboard;
			sourceTree = "<group>";
		};
		5F98BFDF2902BCBF0063CCA9 /* LocalizableLoginController.strings */ = {
			isa = PBXVariantGroup;
			children = (
				5F98BFDE2902BCBF0063CCA9 /* fr */,
			);
			name = LocalizableLoginController.strings;
			sourceTree = "<group>";
		};
		5F98BFE72902C7A20063CCA9 /* LocalizableCarousel.strings */ = {
			isa = PBXVariantGroup;
			children = (
				5F98BFE62902C7A20063CCA9 /* fr */,
			);
			name = LocalizableCarousel.strings;
			sourceTree = "<group>";
		};
		5F98BFF1290322570063CCA9 /* LocalizableLocalNotification.strings */ = {
			isa = PBXVariantGroup;
			children = (
				5F98BFF0290322570063CCA9 /* fr */,
			);
			name = LocalizableLocalNotification.strings;
			sourceTree = "<group>";
		};
		5F98BFF4290322660063CCA9 /* LocalizableRegisterViewController.strings */ = {
			isa = PBXVariantGroup;
			children = (
				5F98BFF3290322660063CCA9 /* fr */,
			);
			name = LocalizableRegisterViewController.strings;
			sourceTree = "<group>";
		};
		5F98BFFA2903258B0063CCA9 /* LocalizableMainStarter.strings */ = {
			isa = PBXVariantGroup;
			children = (
				5F98BFF92903258B0063CCA9 /* fr */,
			);
			name = LocalizableMainStarter.strings;
			sourceTree = "<group>";
		};
		5F98BFFF290328410063CCA9 /* LocalizableAreaListViewController.strings */ = {
			isa = PBXVariantGroup;
			children = (
				5F98BFFE290328410063CCA9 /* fr */,
			);
			name = LocalizableAreaListViewController.strings;
			sourceTree = "<group>";
		};
		5F98C004290329E70063CCA9 /* Localizable.strings */ = {
			isa = PBXVariantGroup;
			children = (
				5F98C003290329E70063CCA9 /* fr */,
			);
			name = Localizable.strings;
			sourceTree = "<group>";
		};
		5F98C00929032BCE0063CCA9 /* LocalizableMapView.strings */ = {
			isa = PBXVariantGroup;
			children = (
				5F98C00829032BCE0063CCA9 /* fr */,
			);
			name = LocalizableMapView.strings;
			sourceTree = "<group>";
		};
		5F98C00E290332FB0063CCA9 /* LocalizableAccountSetting.strings */ = {
			isa = PBXVariantGroup;
			children = (
				5F98C00D290332FB0063CCA9 /* fr */,
			);
			name = LocalizableAccountSetting.strings;
			sourceTree = "<group>";
		};
		5F98C0132903413B0063CCA9 /* LocalizableMainData.strings */ = {
			isa = PBXVariantGroup;
			children = (
				5F98C0122903413B0063CCA9 /* fr */,
			);
			name = LocalizableMainData.strings;
			sourceTree = "<group>";
		};
		5FB1A9DA290F05AE001B3093 /* PersonMode.storyboard */ = {
			isa = PBXVariantGroup;
			children = (
				5FB1A9DB290F05B4001B3093 /* Base */,
				5FB1A9DD290F05CC001B3093 /* fr */,
			);
			name = PersonMode.storyboard;
			sourceTree = "<group>";
		};
		5FBEF9492873073A0023E5A5 /* Register.storyboard */ = {
			isa = PBXVariantGroup;
			children = (
				5FBEF94A2873073A0023E5A5 /* Base */,
				5F98BFCA2902AB9E0063CCA9 /* fr */,
			);
			name = Register.storyboard;
			sourceTree = "<group>";
		};
		5FFCF67F288EB481009D9AE8 /* Launch Screen.storyboard */ = {
			isa = PBXVariantGroup;
			children = (
				5FFCF680288EB481009D9AE8 /* Base */,
				5F98BFC82902AB9C0063CCA9 /* fr */,
			);
			name = "Launch Screen.storyboard";
			sourceTree = "<group>";
		};
/* End PBXVariantGroup section */

/* Begin XCBuildConfiguration section */
		5F1CF325286B1F2C00A0429D /* Debug */ = {
			isa = XCBuildConfiguration;
			buildSettings = {
				ALWAYS_SEARCH_USER_PATHS = NO;
				CLANG_ANALYZER_LOCALIZABILITY_NONLOCALIZED = YES;
				CLANG_ANALYZER_NONNULL = YES;
				CLANG_ANALYZER_NUMBER_OBJECT_CONVERSION = YES_AGGRESSIVE;
				CLANG_CXX_LANGUAGE_STANDARD = "gnu++17";
				CLANG_ENABLE_MODULES = YES;
				CLANG_ENABLE_OBJC_ARC = YES;
				CLANG_ENABLE_OBJC_WEAK = YES;
				CLANG_WARN_BLOCK_CAPTURE_AUTORELEASING = YES;
				CLANG_WARN_BOOL_CONVERSION = YES;
				CLANG_WARN_COMMA = YES;
				CLANG_WARN_CONSTANT_CONVERSION = YES;
				CLANG_WARN_DEPRECATED_OBJC_IMPLEMENTATIONS = YES;
				CLANG_WARN_DIRECT_OBJC_ISA_USAGE = YES_ERROR;
				CLANG_WARN_DOCUMENTATION_COMMENTS = YES;
				CLANG_WARN_EMPTY_BODY = YES;
				CLANG_WARN_ENUM_CONVERSION = YES;
				CLANG_WARN_INFINITE_RECURSION = YES;
				CLANG_WARN_INT_CONVERSION = YES;
				CLANG_WARN_NON_LITERAL_NULL_CONVERSION = YES;
				CLANG_WARN_OBJC_IMPLICIT_RETAIN_SELF = YES;
				CLANG_WARN_OBJC_LITERAL_CONVERSION = YES;
				CLANG_WARN_OBJC_ROOT_CLASS = YES_ERROR;
				CLANG_WARN_QUOTED_INCLUDE_IN_FRAMEWORK_HEADER = YES;
				CLANG_WARN_RANGE_LOOP_ANALYSIS = YES;
				CLANG_WARN_STRICT_PROTOTYPES = YES;
				CLANG_WARN_SUSPICIOUS_MOVE = YES;
				CLANG_WARN_UNGUARDED_AVAILABILITY = YES_AGGRESSIVE;
				CLANG_WARN_UNREACHABLE_CODE = YES;
				CLANG_WARN__DUPLICATE_METHOD_MATCH = YES;
				COPY_PHASE_STRIP = NO;
				DEBUG_INFORMATION_FORMAT = dwarf;
				ENABLE_STRICT_OBJC_MSGSEND = YES;
				ENABLE_TESTABILITY = YES;
				GCC_C_LANGUAGE_STANDARD = gnu11;
				GCC_DYNAMIC_NO_PIC = NO;
				GCC_NO_COMMON_BLOCKS = YES;
				GCC_OPTIMIZATION_LEVEL = 0;
				GCC_PREPROCESSOR_DEFINITIONS = (
					"DEBUG=1",
					"$(inherited)",
				);
				GCC_WARN_64_TO_32_BIT_CONVERSION = YES;
				GCC_WARN_ABOUT_RETURN_TYPE = YES_ERROR;
				GCC_WARN_UNDECLARED_SELECTOR = YES;
				GCC_WARN_UNINITIALIZED_AUTOS = YES_AGGRESSIVE;
				GCC_WARN_UNUSED_FUNCTION = YES;
				GCC_WARN_UNUSED_VARIABLE = YES;
				IPHONEOS_DEPLOYMENT_TARGET = 13.0;
				MTL_ENABLE_DEBUG_INFO = INCLUDE_SOURCE;
				MTL_FAST_MATH = YES;
				ONLY_ACTIVE_ARCH = YES;
				SDKROOT = iphoneos;
				SWIFT_ACTIVE_COMPILATION_CONDITIONS = Debug;
				SWIFT_OPTIMIZATION_LEVEL = "-Onone";
			};
			name = Debug;
		};
		5F1CF326286B1F2C00A0429D /* Release */ = {
			isa = XCBuildConfiguration;
			buildSettings = {
				ALWAYS_SEARCH_USER_PATHS = NO;
				CLANG_ANALYZER_LOCALIZABILITY_NONLOCALIZED = YES;
				CLANG_ANALYZER_NONNULL = YES;
				CLANG_ANALYZER_NUMBER_OBJECT_CONVERSION = YES_AGGRESSIVE;
				CLANG_CXX_LANGUAGE_STANDARD = "gnu++17";
				CLANG_ENABLE_MODULES = YES;
				CLANG_ENABLE_OBJC_ARC = YES;
				CLANG_ENABLE_OBJC_WEAK = YES;
				CLANG_WARN_BLOCK_CAPTURE_AUTORELEASING = YES;
				CLANG_WARN_BOOL_CONVERSION = YES;
				CLANG_WARN_COMMA = YES;
				CLANG_WARN_CONSTANT_CONVERSION = YES;
				CLANG_WARN_DEPRECATED_OBJC_IMPLEMENTATIONS = YES;
				CLANG_WARN_DIRECT_OBJC_ISA_USAGE = YES_ERROR;
				CLANG_WARN_DOCUMENTATION_COMMENTS = YES;
				CLANG_WARN_EMPTY_BODY = YES;
				CLANG_WARN_ENUM_CONVERSION = YES;
				CLANG_WARN_INFINITE_RECURSION = YES;
				CLANG_WARN_INT_CONVERSION = YES;
				CLANG_WARN_NON_LITERAL_NULL_CONVERSION = YES;
				CLANG_WARN_OBJC_IMPLICIT_RETAIN_SELF = YES;
				CLANG_WARN_OBJC_LITERAL_CONVERSION = YES;
				CLANG_WARN_OBJC_ROOT_CLASS = YES_ERROR;
				CLANG_WARN_QUOTED_INCLUDE_IN_FRAMEWORK_HEADER = YES;
				CLANG_WARN_RANGE_LOOP_ANALYSIS = YES;
				CLANG_WARN_STRICT_PROTOTYPES = YES;
				CLANG_WARN_SUSPICIOUS_MOVE = YES;
				CLANG_WARN_UNGUARDED_AVAILABILITY = YES_AGGRESSIVE;
				CLANG_WARN_UNREACHABLE_CODE = YES;
				CLANG_WARN__DUPLICATE_METHOD_MATCH = YES;
				COPY_PHASE_STRIP = NO;
				DEBUG_INFORMATION_FORMAT = "dwarf-with-dsym";
				ENABLE_NS_ASSERTIONS = NO;
				ENABLE_STRICT_OBJC_MSGSEND = YES;
				GCC_C_LANGUAGE_STANDARD = gnu11;
				GCC_NO_COMMON_BLOCKS = YES;
				GCC_WARN_64_TO_32_BIT_CONVERSION = YES;
				GCC_WARN_ABOUT_RETURN_TYPE = YES_ERROR;
				GCC_WARN_UNDECLARED_SELECTOR = YES;
				GCC_WARN_UNINITIALIZED_AUTOS = YES_AGGRESSIVE;
				GCC_WARN_UNUSED_FUNCTION = YES;
				GCC_WARN_UNUSED_VARIABLE = YES;
				IPHONEOS_DEPLOYMENT_TARGET = 13.0;
				MTL_ENABLE_DEBUG_INFO = NO;
				MTL_FAST_MATH = YES;
				SDKROOT = iphoneos;
				SWIFT_ACTIVE_COMPILATION_CONDITIONS = "";
				SWIFT_COMPILATION_MODE = wholemodule;
				SWIFT_OPTIMIZATION_LEVEL = "-O";
				VALIDATE_PRODUCT = YES;
			};
			name = Release;
		};
		5F1CF328286B1F2C00A0429D /* Debug */ = {
			isa = XCBuildConfiguration;
			buildSettings = {
				ASSETCATALOG_COMPILER_APPICON_NAME = AppIcon;
				ASSETCATALOG_COMPILER_GLOBAL_ACCENT_COLOR_NAME = AccentColor;
				CODE_SIGN_ENTITLEMENTS = SafelyHunt/SafelyHunt.entitlements;
				CODE_SIGN_STYLE = Automatic;
				CURRENT_PROJECT_VERSION = 1;
				DEBUG_INFORMATION_FORMAT = "dwarf-with-dsym";
				DEVELOPMENT_TEAM = NLCUCTBNY2;
				GENERATE_INFOPLIST_FILE = YES;
				INFOPLIST_FILE = SafelyHunt/SupportingFiles/Info.plist;
				INFOPLIST_KEY_LSApplicationCategoryType = "public.app-category.navigation";
				INFOPLIST_KEY_NSLocationAlwaysAndWhenInUseUsageDescription = "I need your authorization";
				INFOPLIST_KEY_NSLocationWhenInUseUsageDescription = "Allow position for get alert when you outside area";
				INFOPLIST_KEY_UIApplicationSupportsIndirectInputEvents = YES;
				INFOPLIST_KEY_UILaunchStoryboardName = "Launch Screen";
				INFOPLIST_KEY_UIMainStoryboardFile = Main;
				INFOPLIST_KEY_UISupportedInterfaceOrientations = UIInterfaceOrientationPortrait;
				INFOPLIST_KEY_UISupportedInterfaceOrientations_iPad = "UIInterfaceOrientationPortrait UIInterfaceOrientationPortraitUpsideDown UIInterfaceOrientationLandscapeLeft UIInterfaceOrientationLandscapeRight";
				INFOPLIST_KEY_UISupportedInterfaceOrientations_iPhone = "UIInterfaceOrientationPortrait UIInterfaceOrientationLandscapeLeft UIInterfaceOrientationLandscapeRight";
				IPHONEOS_DEPLOYMENT_TARGET = 14.0;
				LD_RUNPATH_SEARCH_PATHS = (
					"$(inherited)",
					"@executable_path/Frameworks",
				);
				MARKETING_VERSION = 1.03;
				PRODUCT_BUNDLE_IDENTIFIER = com.yoan.SafelyHunt;
				PRODUCT_NAME = "$(TARGET_NAME)";
				SWIFT_EMIT_LOC_STRINGS = YES;
				SWIFT_VERSION = 5.0;
				TARGETED_DEVICE_FAMILY = 1;
			};
			name = Debug;
		};
		5F1CF329286B1F2C00A0429D /* Release */ = {
			isa = XCBuildConfiguration;
			buildSettings = {
				ASSETCATALOG_COMPILER_APPICON_NAME = AppIcon;
				ASSETCATALOG_COMPILER_GLOBAL_ACCENT_COLOR_NAME = AccentColor;
				CODE_SIGN_ENTITLEMENTS = SafelyHunt/SafelyHunt.entitlements;
				CODE_SIGN_STYLE = Automatic;
				CURRENT_PROJECT_VERSION = 1;
				DEBUG_INFORMATION_FORMAT = "dwarf-with-dsym";
				DEVELOPMENT_TEAM = NLCUCTBNY2;
				GENERATE_INFOPLIST_FILE = YES;
				INFOPLIST_FILE = SafelyHunt/SupportingFiles/Info.plist;
				INFOPLIST_KEY_LSApplicationCategoryType = "public.app-category.navigation";
				INFOPLIST_KEY_NSLocationAlwaysAndWhenInUseUsageDescription = "I need your authorization";
				INFOPLIST_KEY_NSLocationWhenInUseUsageDescription = "Allow position for get alert when you outside area";
				INFOPLIST_KEY_UIApplicationSupportsIndirectInputEvents = YES;
				INFOPLIST_KEY_UILaunchStoryboardName = "Launch Screen";
				INFOPLIST_KEY_UIMainStoryboardFile = Main;
				INFOPLIST_KEY_UISupportedInterfaceOrientations = UIInterfaceOrientationPortrait;
				INFOPLIST_KEY_UISupportedInterfaceOrientations_iPad = "UIInterfaceOrientationPortrait UIInterfaceOrientationPortraitUpsideDown UIInterfaceOrientationLandscapeLeft UIInterfaceOrientationLandscapeRight";
				INFOPLIST_KEY_UISupportedInterfaceOrientations_iPhone = "UIInterfaceOrientationPortrait UIInterfaceOrientationLandscapeLeft UIInterfaceOrientationLandscapeRight";
				IPHONEOS_DEPLOYMENT_TARGET = 14.0;
				LD_RUNPATH_SEARCH_PATHS = (
					"$(inherited)",
					"@executable_path/Frameworks",
				);
				MARKETING_VERSION = 1.03;
				PRODUCT_BUNDLE_IDENTIFIER = com.yoan.SafelyHunt;
				PRODUCT_NAME = "$(TARGET_NAME)";
				SWIFT_EMIT_LOC_STRINGS = YES;
				SWIFT_VERSION = 5.0;
				TARGETED_DEVICE_FAMILY = 1;
			};
			name = Release;
		};
		5F1CF32B286B1F2C00A0429D /* Debug */ = {
			isa = XCBuildConfiguration;
			buildSettings = {
				ALWAYS_EMBED_SWIFT_STANDARD_LIBRARIES = YES;
				BUNDLE_LOADER = "$(TEST_HOST)";
				"CODE_SIGN_IDENTITY[sdk=macosx*]" = "Apple Development";
				CODE_SIGN_STYLE = Automatic;
				CURRENT_PROJECT_VERSION = 1;
				DEVELOPMENT_TEAM = NLCUCTBNY2;
				GENERATE_INFOPLIST_FILE = YES;
				IPHONEOS_DEPLOYMENT_TARGET = 13.0;
				MARKETING_VERSION = 1.0;
				PRODUCT_BUNDLE_IDENTIFIER = com.yoan.SafelyHuntTests;
				PRODUCT_NAME = "$(TARGET_NAME)";
				SUPPORTED_PLATFORMS = "iphoneos iphonesimulator";
				SUPPORTS_MACCATALYST = NO;
				SUPPORTS_MAC_DESIGNED_FOR_IPHONE_IPAD = YES;
				SWIFT_EMIT_LOC_STRINGS = NO;
				SWIFT_VERSION = 5.0;
				TARGETED_DEVICE_FAMILY = 1;
				TEST_HOST = "$(BUILT_PRODUCTS_DIR)/SafelyHunt.app/SafelyHunt";
			};
			name = Debug;
		};
		5F1CF32C286B1F2C00A0429D /* Release */ = {
			isa = XCBuildConfiguration;
			buildSettings = {
				ALWAYS_EMBED_SWIFT_STANDARD_LIBRARIES = YES;
				BUNDLE_LOADER = "$(TEST_HOST)";
				"CODE_SIGN_IDENTITY[sdk=macosx*]" = "Apple Development";
				CODE_SIGN_STYLE = Automatic;
				CURRENT_PROJECT_VERSION = 1;
				DEVELOPMENT_TEAM = NLCUCTBNY2;
				GENERATE_INFOPLIST_FILE = YES;
				IPHONEOS_DEPLOYMENT_TARGET = 13.0;
				MARKETING_VERSION = 1.0;
				PRODUCT_BUNDLE_IDENTIFIER = com.yoan.SafelyHuntTests;
				PRODUCT_NAME = "$(TARGET_NAME)";
				SUPPORTED_PLATFORMS = "iphoneos iphonesimulator";
				SUPPORTS_MACCATALYST = NO;
				SUPPORTS_MAC_DESIGNED_FOR_IPHONE_IPAD = YES;
				SWIFT_EMIT_LOC_STRINGS = NO;
				SWIFT_VERSION = 5.0;
				TARGETED_DEVICE_FAMILY = 1;
				TEST_HOST = "$(BUILT_PRODUCTS_DIR)/SafelyHunt.app/SafelyHunt";
			};
			name = Release;
		};
		5F7E5F7728E6E92F0035A38C /* Debug */ = {
			isa = XCBuildConfiguration;
			buildSettings = {
				CLANG_CXX_LANGUAGE_STANDARD = "gnu++20";
				CODE_SIGN_STYLE = Automatic;
				CURRENT_PROJECT_VERSION = 1;
				DEVELOPMENT_TEAM = NLCUCTBNY2;
				GENERATE_INFOPLIST_FILE = YES;
				IPHONEOS_DEPLOYMENT_TARGET = 13.0;
				MARKETING_VERSION = 1.0;
				PRODUCT_BUNDLE_IDENTIFIER = com.yoan.SafelyHuntUITests.SafelyHuntUITests;
				PRODUCT_NAME = "$(TARGET_NAME)";
				SUPPORTED_PLATFORMS = "iphoneos iphonesimulator";
				SUPPORTS_MACCATALYST = NO;
				SUPPORTS_MAC_DESIGNED_FOR_IPHONE_IPAD = YES;
				SWIFT_EMIT_LOC_STRINGS = NO;
				SWIFT_VERSION = 5.0;
				TARGETED_DEVICE_FAMILY = 1;
				TEST_TARGET_NAME = SafelyHunt;
			};
			name = Debug;
		};
		5F7E5F7828E6E92F0035A38C /* Release */ = {
			isa = XCBuildConfiguration;
			buildSettings = {
				CLANG_CXX_LANGUAGE_STANDARD = "gnu++20";
				CODE_SIGN_STYLE = Automatic;
				CURRENT_PROJECT_VERSION = 1;
				DEVELOPMENT_TEAM = NLCUCTBNY2;
				GENERATE_INFOPLIST_FILE = YES;
				IPHONEOS_DEPLOYMENT_TARGET = 13.0;
				MARKETING_VERSION = 1.0;
				PRODUCT_BUNDLE_IDENTIFIER = com.yoan.SafelyHuntUITests.SafelyHuntUITests;
				PRODUCT_NAME = "$(TARGET_NAME)";
				SUPPORTED_PLATFORMS = "iphoneos iphonesimulator";
				SUPPORTS_MACCATALYST = NO;
				SUPPORTS_MAC_DESIGNED_FOR_IPHONE_IPAD = YES;
				SWIFT_EMIT_LOC_STRINGS = NO;
				SWIFT_VERSION = 5.0;
				TARGETED_DEVICE_FAMILY = 1;
				TEST_TARGET_NAME = SafelyHunt;
			};
			name = Release;
		};
/* End XCBuildConfiguration section */

/* Begin XCConfigurationList section */
		5F1CF2F8286B1F2900A0429D /* Build configuration list for PBXProject "SafelyHunt" */ = {
			isa = XCConfigurationList;
			buildConfigurations = (
				5F1CF325286B1F2C00A0429D /* Debug */,
				5F1CF326286B1F2C00A0429D /* Release */,
			);
			defaultConfigurationIsVisible = 0;
			defaultConfigurationName = Release;
		};
		5F1CF327286B1F2C00A0429D /* Build configuration list for PBXNativeTarget "SafelyHunt" */ = {
			isa = XCConfigurationList;
			buildConfigurations = (
				5F1CF328286B1F2C00A0429D /* Debug */,
				5F1CF329286B1F2C00A0429D /* Release */,
			);
			defaultConfigurationIsVisible = 0;
			defaultConfigurationName = Release;
		};
		5F1CF32A286B1F2C00A0429D /* Build configuration list for PBXNativeTarget "SafelyHuntTests" */ = {
			isa = XCConfigurationList;
			buildConfigurations = (
				5F1CF32B286B1F2C00A0429D /* Debug */,
				5F1CF32C286B1F2C00A0429D /* Release */,
			);
			defaultConfigurationIsVisible = 0;
			defaultConfigurationName = Release;
		};
		5F7E5F7928E6E92F0035A38C /* Build configuration list for PBXNativeTarget "SafelyHuntUITests" */ = {
			isa = XCConfigurationList;
			buildConfigurations = (
				5F7E5F7728E6E92F0035A38C /* Debug */,
				5F7E5F7828E6E92F0035A38C /* Release */,
			);
			defaultConfigurationIsVisible = 0;
			defaultConfigurationName = Release;
		};
/* End XCConfigurationList section */

/* Begin XCRemoteSwiftPackageReference section */
		5FC1A7C828F0D906000C03BD /* XCRemoteSwiftPackageReference "firebase-ios-sdk" */ = {
			isa = XCRemoteSwiftPackageReference;
			repositoryURL = "https://github.com/firebase/firebase-ios-sdk";
			requirement = {
				branch = master;
				kind = branch;
			};
		};
		5FD577B528D2529E00F464F6 /* XCRemoteSwiftPackageReference "NotificationBanner" */ = {
			isa = XCRemoteSwiftPackageReference;
			repositoryURL = "https://github.com/Daltron/NotificationBanner";
			requirement = {
				branch = master;
				kind = branch;
			};
		};
		5FD577B828D252F100F464F6 /* XCRemoteSwiftPackageReference "SPAlert" */ = {
			isa = XCRemoteSwiftPackageReference;
			repositoryURL = "https://github.com/ivanvorobei/SPAlert.git";
			requirement = {
				branch = main;
				kind = branch;
			};
		};
/* End XCRemoteSwiftPackageReference section */

/* Begin XCSwiftPackageProductDependency section */
		5FC1A7C928F0D906000C03BD /* FirebaseAnalytics */ = {
			isa = XCSwiftPackageProductDependency;
			package = 5FC1A7C828F0D906000C03BD /* XCRemoteSwiftPackageReference "firebase-ios-sdk" */;
			productName = FirebaseAnalytics;
		};
		5FC1A7CB28F0D906000C03BD /* FirebaseAnalyticsSwift */ = {
			isa = XCSwiftPackageProductDependency;
			package = 5FC1A7C828F0D906000C03BD /* XCRemoteSwiftPackageReference "firebase-ios-sdk" */;
			productName = FirebaseAnalyticsSwift;
		};
		5FC1A7CD28F0D906000C03BD /* FirebaseAppCheck */ = {
			isa = XCSwiftPackageProductDependency;
			package = 5FC1A7C828F0D906000C03BD /* XCRemoteSwiftPackageReference "firebase-ios-sdk" */;
			productName = FirebaseAppCheck;
		};
		5FC1A7CF28F0D906000C03BD /* FirebaseAuth */ = {
			isa = XCSwiftPackageProductDependency;
			package = 5FC1A7C828F0D906000C03BD /* XCRemoteSwiftPackageReference "firebase-ios-sdk" */;
			productName = FirebaseAuth;
		};
		5FC1A7D128F0D906000C03BD /* FirebaseCrashlytics */ = {
			isa = XCSwiftPackageProductDependency;
			package = 5FC1A7C828F0D906000C03BD /* XCRemoteSwiftPackageReference "firebase-ios-sdk" */;
			productName = FirebaseCrashlytics;
		};
		5FC1A7D328F0D906000C03BD /* FirebaseDatabase */ = {
			isa = XCSwiftPackageProductDependency;
			package = 5FC1A7C828F0D906000C03BD /* XCRemoteSwiftPackageReference "firebase-ios-sdk" */;
			productName = FirebaseDatabase;
		};
		5FC1A7D528F0D906000C03BD /* FirebaseDatabaseSwift */ = {
			isa = XCSwiftPackageProductDependency;
			package = 5FC1A7C828F0D906000C03BD /* XCRemoteSwiftPackageReference "firebase-ios-sdk" */;
			productName = FirebaseDatabaseSwift;
		};
		5FC1A7D728F0D906000C03BD /* FirebaseFirestore */ = {
			isa = XCSwiftPackageProductDependency;
			package = 5FC1A7C828F0D906000C03BD /* XCRemoteSwiftPackageReference "firebase-ios-sdk" */;
			productName = FirebaseFirestore;
		};
		5FC1A7D928F0D906000C03BD /* FirebaseFunctions */ = {
			isa = XCSwiftPackageProductDependency;
			package = 5FC1A7C828F0D906000C03BD /* XCRemoteSwiftPackageReference "firebase-ios-sdk" */;
			productName = FirebaseFunctions;
		};
		5FD577B628D2529F00F464F6 /* NotificationBannerSwift */ = {
			isa = XCSwiftPackageProductDependency;
			package = 5FD577B528D2529E00F464F6 /* XCRemoteSwiftPackageReference "NotificationBanner" */;
			productName = NotificationBannerSwift;
		};
		5FD577B928D252F100F464F6 /* SPAlert */ = {
			isa = XCSwiftPackageProductDependency;
			package = 5FD577B828D252F100F464F6 /* XCRemoteSwiftPackageReference "SPAlert" */;
			productName = SPAlert;
		};
/* End XCSwiftPackageProductDependency section */
	};
	rootObject = 5F1CF2F5286B1F2900A0429D /* Project object */;
}
